// !$*UTF8*$!
{
	archiveVersion = 1;
	classes = {
	};
	objectVersion = 46;
	objects = {

/* Begin PBXBuildFile section */
		81525ADD17AF964C0097E79F /* main.cpp in Sources */ = {isa = PBXBuildFile; fileRef = 8152597517AF96370097E79F /* main.cpp */; };
		81525AE217AF96C80097E79F /* OpenAL.framework in Frameworks */ = {isa = PBXBuildFile; fileRef = 81525ADE17AF96C80097E79F /* OpenAL.framework */; };
		81525AE317AF96C80097E79F /* OpenCL.framework in Frameworks */ = {isa = PBXBuildFile; fileRef = 81525ADF17AF96C80097E79F /* OpenCL.framework */; };
		81525AE517AF96C80097E79F /* OpenGL.framework in Frameworks */ = {isa = PBXBuildFile; fileRef = 81525AE117AF96C80097E79F /* OpenGL.framework */; };
		81525AE717AF96D70097E79F /* GLUT.framework in Frameworks */ = {isa = PBXBuildFile; fileRef = 81525AE617AF96D70097E79F /* GLUT.framework */; };
/* End PBXBuildFile section */

/* Begin PBXCopyFilesBuildPhase section */
		8152594217AF96100097E79F /* CopyFiles */ = {
			isa = PBXCopyFilesBuildPhase;
			buildActionMask = 2147483647;
			dstPath = /usr/share/man/man1/;
			dstSubfolderSpec = 0;
			files = (
			);
			runOnlyForDeploymentPostprocessing = 1;
		};
/* End PBXCopyFilesBuildPhase section */

/* Begin PBXFileReference section */
		8152594417AF96100097E79F /* layer2 */ = {isa = PBXFileReference; explicitFileType = "compiled.mach-o.executable"; includeInIndex = 0; path = layer2; sourceTree = BUILT_PRODUCTS_DIR; };
		8152595317AF96370097E79F /* allocator.h */ = {isa = PBXFileReference; lastKnownFileType = sourcecode.c.h; path = allocator.h; sourceTree = "<group>"; };
		8152595417AF96370097E79F /* dictionary.h */ = {isa = PBXFileReference; lastKnownFileType = sourcecode.c.h; path = dictionary.h; sourceTree = "<group>"; };
		8152595517AF96370097E79F /* double_list.h */ = {isa = PBXFileReference; lastKnownFileType = sourcecode.c.h; path = double_list.h; sourceTree = "<group>"; };
		8152595617AF96370097E79F /* dynarray.h */ = {isa = PBXFileReference; lastKnownFileType = sourcecode.c.h; path = dynarray.h; sourceTree = "<group>"; };
		8152595717AF96370097E79F /* hash_map.h */ = {isa = PBXFileReference; lastKnownFileType = sourcecode.c.h; path = hash_map.h; sourceTree = "<group>"; };
		8152595817AF96370097E79F /* ptr.h */ = {isa = PBXFileReference; lastKnownFileType = sourcecode.c.h; path = ptr.h; sourceTree = "<group>"; };
		8152595917AF96370097E79F /* ref.h */ = {isa = PBXFileReference; lastKnownFileType = sourcecode.c.h; path = ref.h; sourceTree = "<group>"; };
		8152595A17AF96370097E79F /* string.h */ = {isa = PBXFileReference; lastKnownFileType = sourcecode.c.h; path = string.h; sourceTree = "<group>"; };
		8152595E17AF96370097E79F /* bump_app.h */ = {isa = PBXFileReference; lastKnownFileType = sourcecode.c.h; path = bump_app.h; sourceTree = "<group>"; };
		8152596017AF96370097E79F /* cube_app.h */ = {isa = PBXFileReference; lastKnownFileType = sourcecode.c.h; path = cube_app.h; sourceTree = "<group>"; };
		8152596217AF96370097E79F /* duck_app.h */ = {isa = PBXFileReference; lastKnownFileType = sourcecode.c.h; path = duck_app.h; sourceTree = "<group>"; };
		8152596317AF96370097E79F /* examples.h */ = {isa = PBXFileReference; lastKnownFileType = sourcecode.c.h; path = examples.h; sourceTree = "<group>"; };
		8152596517AF96370097E79F /* gif_app.h */ = {isa = PBXFileReference; lastKnownFileType = sourcecode.c.h; path = gif_app.h; sourceTree = "<group>"; };
		8152596717AF96370097E79F /* invaderers_app.h */ = {isa = PBXFileReference; lastKnownFileType = sourcecode.c.h; path = invaderers_app.h; sourceTree = "<group>"; };
		8152596817AF96370097E79F /* main.cpp */ = {isa = PBXFileReference; lastKnownFileType = sourcecode.cpp.cpp; path = main.cpp; sourceTree = "<group>"; };
		8152596A17AF96370097E79F /* physics_app.h */ = {isa = PBXFileReference; lastKnownFileType = sourcecode.c.h; path = physics_app.h; sourceTree = "<group>"; };
		8152596C17AF96370097E79F /* ping_app.h */ = {isa = PBXFileReference; lastKnownFileType = sourcecode.c.h; path = ping_app.h; sourceTree = "<group>"; };
		8152596E17AF96370097E79F /* raytrace_app.h */ = {isa = PBXFileReference; lastKnownFileType = sourcecode.c.h; path = raytrace_app.h; sourceTree = "<group>"; };
		8152597017AF96370097E79F /* texture_app.h */ = {isa = PBXFileReference; lastKnownFileType = sourcecode.c.h; path = texture_app.h; sourceTree = "<group>"; };
		8152597217AF96370097E79F /* triangle_app.h */ = {isa = PBXFileReference; lastKnownFileType = sourcecode.c.h; path = triangle_app.h; sourceTree = "<group>"; };
		8152597417AF96370097E79F /* engine.h */ = {isa = PBXFileReference; lastKnownFileType = sourcecode.c.h; path = engine.h; sourceTree = "<group>"; };
		8152597517AF96370097E79F /* main.cpp */ = {isa = PBXFileReference; lastKnownFileType = sourcecode.cpp.cpp; path = main.cpp; sourceTree = "<group>"; };
		8152597717AF96370097E79F /* http_server.h */ = {isa = PBXFileReference; lastKnownFileType = sourcecode.c.h; path = http_server.h; sourceTree = "<group>"; };
		8152597817AF96370097E79F /* mouse_ball.h */ = {isa = PBXFileReference; lastKnownFileType = sourcecode.c.h; path = mouse_ball.h; sourceTree = "<group>"; };
		8152597917AF96370097E79F /* text_overlay.h */ = {isa = PBXFileReference; lastKnownFileType = sourcecode.c.h; path = text_overlay.h; sourceTree = "<group>"; };
		8152597B17AF96370097E79F /* collada_builder.h */ = {isa = PBXFileReference; lastKnownFileType = sourcecode.c.h; path = collada_builder.h; sourceTree = "<group>"; };
		8152597C17AF96370097E79F /* dds_decoder.h */ = {isa = PBXFileReference; lastKnownFileType = sourcecode.c.h; path = dds_decoder.h; sourceTree = "<group>"; };
		8152597D17AF96370097E79F /* gif_decoder.h */ = {isa = PBXFileReference; lastKnownFileType = sourcecode.c.h; path = gif_decoder.h; sourceTree = "<group>"; };
		8152597E17AF96370097E79F /* jpeg_decoder.h */ = {isa = PBXFileReference; lastKnownFileType = sourcecode.c.h; path = jpeg_decoder.h; sourceTree = "<group>"; };
		8152597F17AF96370097E79F /* tga_decoder.h */ = {isa = PBXFileReference; lastKnownFileType = sourcecode.c.h; path = tga_decoder.h; sourceTree = "<group>"; };
		8152598117AF96370097E79F /* aabb.h */ = {isa = PBXFileReference; lastKnownFileType = sourcecode.c.h; path = aabb.h; sourceTree = "<group>"; };
		8152598217AF96370097E79F /* bvec4.h */ = {isa = PBXFileReference; lastKnownFileType = sourcecode.c.h; path = bvec4.h; sourceTree = "<group>"; };
		8152598317AF96370097E79F /* ivec4.h */ = {isa = PBXFileReference; lastKnownFileType = sourcecode.c.h; path = ivec4.h; sourceTree = "<group>"; };
		8152598417AF96370097E79F /* mat4t.h */ = {isa = PBXFileReference; lastKnownFileType = sourcecode.c.h; path = mat4t.h; sourceTree = "<group>"; };
		8152598517AF96370097E79F /* quat.h */ = {isa = PBXFileReference; lastKnownFileType = sourcecode.c.h; path = quat.h; sourceTree = "<group>"; };
		8152598617AF96370097E79F /* random.h */ = {isa = PBXFileReference; lastKnownFileType = sourcecode.c.h; path = random.h; sourceTree = "<group>"; };
		8152598717AF96370097E79F /* vec4.h */ = {isa = PBXFileReference; lastKnownFileType = sourcecode.c.h; path = vec4.h; sourceTree = "<group>"; };
		8152598917AF96370097E79F /* btBulletCollisionCommon.h */ = {isa = PBXFileReference; lastKnownFileType = sourcecode.c.h; path = btBulletCollisionCommon.h; sourceTree = "<group>"; };
		8152598A17AF96370097E79F /* btBulletDynamicsCommon.h */ = {isa = PBXFileReference; lastKnownFileType = sourcecode.c.h; path = btBulletDynamicsCommon.h; sourceTree = "<group>"; };
		8152598D17AF96370097E79F /* btAxisSweep3.cpp */ = {isa = PBXFileReference; lastKnownFileType = sourcecode.cpp.cpp; path = btAxisSweep3.cpp; sourceTree = "<group>"; };
		8152598E17AF96370097E79F /* btAxisSweep3.h */ = {isa = PBXFileReference; lastKnownFileType = sourcecode.c.h; path = btAxisSweep3.h; sourceTree = "<group>"; };
		8152598F17AF96370097E79F /* btBroadphaseInterface.h */ = {isa = PBXFileReference; lastKnownFileType = sourcecode.c.h; path = btBroadphaseInterface.h; sourceTree = "<group>"; };
		8152599017AF96370097E79F /* btBroadphaseProxy.cpp */ = {isa = PBXFileReference; lastKnownFileType = sourcecode.cpp.cpp; path = btBroadphaseProxy.cpp; sourceTree = "<group>"; };
		8152599117AF96370097E79F /* btBroadphaseProxy.h */ = {isa = PBXFileReference; lastKnownFileType = sourcecode.c.h; path = btBroadphaseProxy.h; sourceTree = "<group>"; };
		8152599217AF96370097E79F /* btCollisionAlgorithm.cpp */ = {isa = PBXFileReference; lastKnownFileType = sourcecode.cpp.cpp; path = btCollisionAlgorithm.cpp; sourceTree = "<group>"; };
		8152599317AF96370097E79F /* btCollisionAlgorithm.h */ = {isa = PBXFileReference; lastKnownFileType = sourcecode.c.h; path = btCollisionAlgorithm.h; sourceTree = "<group>"; };
		8152599417AF96370097E79F /* btDbvt.cpp */ = {isa = PBXFileReference; lastKnownFileType = sourcecode.cpp.cpp; path = btDbvt.cpp; sourceTree = "<group>"; };
		8152599517AF96370097E79F /* btDbvt.h */ = {isa = PBXFileReference; lastKnownFileType = sourcecode.c.h; path = btDbvt.h; sourceTree = "<group>"; };
		8152599617AF96370097E79F /* btDbvtBroadphase.cpp */ = {isa = PBXFileReference; lastKnownFileType = sourcecode.cpp.cpp; path = btDbvtBroadphase.cpp; sourceTree = "<group>"; };
		8152599717AF96370097E79F /* btDbvtBroadphase.h */ = {isa = PBXFileReference; lastKnownFileType = sourcecode.c.h; path = btDbvtBroadphase.h; sourceTree = "<group>"; };
		8152599817AF96370097E79F /* btDispatcher.cpp */ = {isa = PBXFileReference; lastKnownFileType = sourcecode.cpp.cpp; path = btDispatcher.cpp; sourceTree = "<group>"; };
		8152599917AF96370097E79F /* btDispatcher.h */ = {isa = PBXFileReference; lastKnownFileType = sourcecode.c.h; path = btDispatcher.h; sourceTree = "<group>"; };
		8152599A17AF96370097E79F /* btMultiSapBroadphase.cpp */ = {isa = PBXFileReference; lastKnownFileType = sourcecode.cpp.cpp; path = btMultiSapBroadphase.cpp; sourceTree = "<group>"; };
		8152599B17AF96370097E79F /* btMultiSapBroadphase.h */ = {isa = PBXFileReference; lastKnownFileType = sourcecode.c.h; path = btMultiSapBroadphase.h; sourceTree = "<group>"; };
		8152599C17AF96370097E79F /* btOverlappingPairCache.cpp */ = {isa = PBXFileReference; lastKnownFileType = sourcecode.cpp.cpp; path = btOverlappingPairCache.cpp; sourceTree = "<group>"; };
		8152599D17AF96370097E79F /* btOverlappingPairCache.h */ = {isa = PBXFileReference; lastKnownFileType = sourcecode.c.h; path = btOverlappingPairCache.h; sourceTree = "<group>"; };
		8152599E17AF96370097E79F /* btOverlappingPairCallback.h */ = {isa = PBXFileReference; lastKnownFileType = sourcecode.c.h; path = btOverlappingPairCallback.h; sourceTree = "<group>"; };
		8152599F17AF96370097E79F /* btQuantizedBvh.cpp */ = {isa = PBXFileReference; lastKnownFileType = sourcecode.cpp.cpp; path = btQuantizedBvh.cpp; sourceTree = "<group>"; };
		815259A017AF96370097E79F /* btQuantizedBvh.h */ = {isa = PBXFileReference; lastKnownFileType = sourcecode.c.h; path = btQuantizedBvh.h; sourceTree = "<group>"; };
		815259A117AF96370097E79F /* btSimpleBroadphase.cpp */ = {isa = PBXFileReference; lastKnownFileType = sourcecode.cpp.cpp; path = btSimpleBroadphase.cpp; sourceTree = "<group>"; };
		815259A217AF96370097E79F /* btSimpleBroadphase.h */ = {isa = PBXFileReference; lastKnownFileType = sourcecode.c.h; path = btSimpleBroadphase.h; sourceTree = "<group>"; };
		815259A417AF96370097E79F /* btActivatingCollisionAlgorithm.cpp */ = {isa = PBXFileReference; lastKnownFileType = sourcecode.cpp.cpp; path = btActivatingCollisionAlgorithm.cpp; sourceTree = "<group>"; };
		815259A517AF96370097E79F /* btActivatingCollisionAlgorithm.h */ = {isa = PBXFileReference; lastKnownFileType = sourcecode.c.h; path = btActivatingCollisionAlgorithm.h; sourceTree = "<group>"; };
		815259A617AF96370097E79F /* btBox2dBox2dCollisionAlgorithm.cpp */ = {isa = PBXFileReference; lastKnownFileType = sourcecode.cpp.cpp; path = btBox2dBox2dCollisionAlgorithm.cpp; sourceTree = "<group>"; };
		815259A717AF96370097E79F /* btBox2dBox2dCollisionAlgorithm.h */ = {isa = PBXFileReference; lastKnownFileType = sourcecode.c.h; path = btBox2dBox2dCollisionAlgorithm.h; sourceTree = "<group>"; };
		815259A817AF96370097E79F /* btBoxBoxCollisionAlgorithm.cpp */ = {isa = PBXFileReference; lastKnownFileType = sourcecode.cpp.cpp; path = btBoxBoxCollisionAlgorithm.cpp; sourceTree = "<group>"; };
		815259A917AF96370097E79F /* btBoxBoxCollisionAlgorithm.h */ = {isa = PBXFileReference; lastKnownFileType = sourcecode.c.h; path = btBoxBoxCollisionAlgorithm.h; sourceTree = "<group>"; };
		815259AA17AF96370097E79F /* btBoxBoxDetector.cpp */ = {isa = PBXFileReference; lastKnownFileType = sourcecode.cpp.cpp; path = btBoxBoxDetector.cpp; sourceTree = "<group>"; };
		815259AB17AF96370097E79F /* btBoxBoxDetector.h */ = {isa = PBXFileReference; lastKnownFileType = sourcecode.c.h; path = btBoxBoxDetector.h; sourceTree = "<group>"; };
		815259AC17AF96370097E79F /* btCollisionConfiguration.h */ = {isa = PBXFileReference; lastKnownFileType = sourcecode.c.h; path = btCollisionConfiguration.h; sourceTree = "<group>"; };
		815259AD17AF96370097E79F /* btCollisionCreateFunc.h */ = {isa = PBXFileReference; lastKnownFileType = sourcecode.c.h; path = btCollisionCreateFunc.h; sourceTree = "<group>"; };
		815259AE17AF96370097E79F /* btCollisionDispatcher.cpp */ = {isa = PBXFileReference; lastKnownFileType = sourcecode.cpp.cpp; path = btCollisionDispatcher.cpp; sourceTree = "<group>"; };
		815259AF17AF96370097E79F /* btCollisionDispatcher.h */ = {isa = PBXFileReference; lastKnownFileType = sourcecode.c.h; path = btCollisionDispatcher.h; sourceTree = "<group>"; };
		815259B017AF96370097E79F /* btCollisionObject.cpp */ = {isa = PBXFileReference; lastKnownFileType = sourcecode.cpp.cpp; path = btCollisionObject.cpp; sourceTree = "<group>"; };
		815259B117AF96370097E79F /* btCollisionObject.h */ = {isa = PBXFileReference; lastKnownFileType = sourcecode.c.h; path = btCollisionObject.h; sourceTree = "<group>"; };
		815259B217AF96370097E79F /* btCollisionWorld.cpp */ = {isa = PBXFileReference; lastKnownFileType = sourcecode.cpp.cpp; path = btCollisionWorld.cpp; sourceTree = "<group>"; };
		815259B317AF96370097E79F /* btCollisionWorld.h */ = {isa = PBXFileReference; lastKnownFileType = sourcecode.c.h; path = btCollisionWorld.h; sourceTree = "<group>"; };
		815259B417AF96370097E79F /* btCompoundCollisionAlgorithm.cpp */ = {isa = PBXFileReference; lastKnownFileType = sourcecode.cpp.cpp; path = btCompoundCollisionAlgorithm.cpp; sourceTree = "<group>"; };
		815259B517AF96370097E79F /* btCompoundCollisionAlgorithm.h */ = {isa = PBXFileReference; lastKnownFileType = sourcecode.c.h; path = btCompoundCollisionAlgorithm.h; sourceTree = "<group>"; };
		815259B617AF96370097E79F /* btConvex2dConvex2dAlgorithm.cpp */ = {isa = PBXFileReference; lastKnownFileType = sourcecode.cpp.cpp; path = btConvex2dConvex2dAlgorithm.cpp; sourceTree = "<group>"; };
		815259B717AF96370097E79F /* btConvex2dConvex2dAlgorithm.h */ = {isa = PBXFileReference; lastKnownFileType = sourcecode.c.h; path = btConvex2dConvex2dAlgorithm.h; sourceTree = "<group>"; };
		815259B817AF96370097E79F /* btConvexConcaveCollisionAlgorithm.cpp */ = {isa = PBXFileReference; lastKnownFileType = sourcecode.cpp.cpp; path = btConvexConcaveCollisionAlgorithm.cpp; sourceTree = "<group>"; };
		815259B917AF96370097E79F /* btConvexConcaveCollisionAlgorithm.h */ = {isa = PBXFileReference; lastKnownFileType = sourcecode.c.h; path = btConvexConcaveCollisionAlgorithm.h; sourceTree = "<group>"; };
		815259BA17AF96370097E79F /* btConvexConvexAlgorithm.cpp */ = {isa = PBXFileReference; lastKnownFileType = sourcecode.cpp.cpp; path = btConvexConvexAlgorithm.cpp; sourceTree = "<group>"; };
		815259BB17AF96370097E79F /* btConvexConvexAlgorithm.h */ = {isa = PBXFileReference; lastKnownFileType = sourcecode.c.h; path = btConvexConvexAlgorithm.h; sourceTree = "<group>"; };
		815259BC17AF96370097E79F /* btConvexPlaneCollisionAlgorithm.cpp */ = {isa = PBXFileReference; lastKnownFileType = sourcecode.cpp.cpp; path = btConvexPlaneCollisionAlgorithm.cpp; sourceTree = "<group>"; };
		815259BD17AF96370097E79F /* btConvexPlaneCollisionAlgorithm.h */ = {isa = PBXFileReference; lastKnownFileType = sourcecode.c.h; path = btConvexPlaneCollisionAlgorithm.h; sourceTree = "<group>"; };
		815259BE17AF96370097E79F /* btDefaultCollisionConfiguration.cpp */ = {isa = PBXFileReference; lastKnownFileType = sourcecode.cpp.cpp; path = btDefaultCollisionConfiguration.cpp; sourceTree = "<group>"; };
		815259BF17AF96370097E79F /* btDefaultCollisionConfiguration.h */ = {isa = PBXFileReference; lastKnownFileType = sourcecode.c.h; path = btDefaultCollisionConfiguration.h; sourceTree = "<group>"; };
		815259C017AF96370097E79F /* btEmptyCollisionAlgorithm.cpp */ = {isa = PBXFileReference; lastKnownFileType = sourcecode.cpp.cpp; path = btEmptyCollisionAlgorithm.cpp; sourceTree = "<group>"; };
		815259C117AF96370097E79F /* btEmptyCollisionAlgorithm.h */ = {isa = PBXFileReference; lastKnownFileType = sourcecode.c.h; path = btEmptyCollisionAlgorithm.h; sourceTree = "<group>"; };
		815259C217AF96370097E79F /* btGhostObject.cpp */ = {isa = PBXFileReference; lastKnownFileType = sourcecode.cpp.cpp; path = btGhostObject.cpp; sourceTree = "<group>"; };
		815259C317AF96370097E79F /* btGhostObject.h */ = {isa = PBXFileReference; lastKnownFileType = sourcecode.c.h; path = btGhostObject.h; sourceTree = "<group>"; };
		815259C417AF96370097E79F /* btInternalEdgeUtility.cpp */ = {isa = PBXFileReference; lastKnownFileType = sourcecode.cpp.cpp; path = btInternalEdgeUtility.cpp; sourceTree = "<group>"; };
		815259C517AF96370097E79F /* btInternalEdgeUtility.h */ = {isa = PBXFileReference; lastKnownFileType = sourcecode.c.h; path = btInternalEdgeUtility.h; sourceTree = "<group>"; };
		815259C617AF96370097E79F /* btManifoldResult.cpp */ = {isa = PBXFileReference; lastKnownFileType = sourcecode.cpp.cpp; path = btManifoldResult.cpp; sourceTree = "<group>"; };
		815259C717AF96370097E79F /* btManifoldResult.h */ = {isa = PBXFileReference; lastKnownFileType = sourcecode.c.h; path = btManifoldResult.h; sourceTree = "<group>"; };
		815259C817AF96370097E79F /* btSimulationIslandManager.cpp */ = {isa = PBXFileReference; lastKnownFileType = sourcecode.cpp.cpp; path = btSimulationIslandManager.cpp; sourceTree = "<group>"; };
		815259C917AF96370097E79F /* btSimulationIslandManager.h */ = {isa = PBXFileReference; lastKnownFileType = sourcecode.c.h; path = btSimulationIslandManager.h; sourceTree = "<group>"; };
		815259CA17AF96370097E79F /* btSphereBoxCollisionAlgorithm.cpp */ = {isa = PBXFileReference; lastKnownFileType = sourcecode.cpp.cpp; path = btSphereBoxCollisionAlgorithm.cpp; sourceTree = "<group>"; };
		815259CB17AF96370097E79F /* btSphereBoxCollisionAlgorithm.h */ = {isa = PBXFileReference; lastKnownFileType = sourcecode.c.h; path = btSphereBoxCollisionAlgorithm.h; sourceTree = "<group>"; };
		815259CC17AF96370097E79F /* btSphereSphereCollisionAlgorithm.cpp */ = {isa = PBXFileReference; lastKnownFileType = sourcecode.cpp.cpp; path = btSphereSphereCollisionAlgorithm.cpp; sourceTree = "<group>"; };
		815259CD17AF96370097E79F /* btSphereSphereCollisionAlgorithm.h */ = {isa = PBXFileReference; lastKnownFileType = sourcecode.c.h; path = btSphereSphereCollisionAlgorithm.h; sourceTree = "<group>"; };
		815259CE17AF96370097E79F /* btSphereTriangleCollisionAlgorithm.cpp */ = {isa = PBXFileReference; lastKnownFileType = sourcecode.cpp.cpp; path = btSphereTriangleCollisionAlgorithm.cpp; sourceTree = "<group>"; };
		815259CF17AF96370097E79F /* btSphereTriangleCollisionAlgorithm.h */ = {isa = PBXFileReference; lastKnownFileType = sourcecode.c.h; path = btSphereTriangleCollisionAlgorithm.h; sourceTree = "<group>"; };
		815259D017AF96370097E79F /* btUnionFind.cpp */ = {isa = PBXFileReference; lastKnownFileType = sourcecode.cpp.cpp; path = btUnionFind.cpp; sourceTree = "<group>"; };
		815259D117AF96370097E79F /* btUnionFind.h */ = {isa = PBXFileReference; lastKnownFileType = sourcecode.c.h; path = btUnionFind.h; sourceTree = "<group>"; };
		815259D217AF96370097E79F /* SphereTriangleDetector.cpp */ = {isa = PBXFileReference; lastKnownFileType = sourcecode.cpp.cpp; path = SphereTriangleDetector.cpp; sourceTree = "<group>"; };
		815259D317AF96370097E79F /* SphereTriangleDetector.h */ = {isa = PBXFileReference; lastKnownFileType = sourcecode.c.h; path = SphereTriangleDetector.h; sourceTree = "<group>"; };
		815259D517AF96370097E79F /* btBox2dShape.cpp */ = {isa = PBXFileReference; lastKnownFileType = sourcecode.cpp.cpp; path = btBox2dShape.cpp; sourceTree = "<group>"; };
		815259D617AF96370097E79F /* btBox2dShape.h */ = {isa = PBXFileReference; lastKnownFileType = sourcecode.c.h; path = btBox2dShape.h; sourceTree = "<group>"; };
		815259D717AF96370097E79F /* btBoxShape.cpp */ = {isa = PBXFileReference; lastKnownFileType = sourcecode.cpp.cpp; path = btBoxShape.cpp; sourceTree = "<group>"; };
		815259D817AF96370097E79F /* btBoxShape.h */ = {isa = PBXFileReference; lastKnownFileType = sourcecode.c.h; path = btBoxShape.h; sourceTree = "<group>"; };
		815259D917AF96370097E79F /* btBvhTriangleMeshShape.cpp */ = {isa = PBXFileReference; lastKnownFileType = sourcecode.cpp.cpp; path = btBvhTriangleMeshShape.cpp; sourceTree = "<group>"; };
		815259DA17AF96370097E79F /* btBvhTriangleMeshShape.h */ = {isa = PBXFileReference; lastKnownFileType = sourcecode.c.h; path = btBvhTriangleMeshShape.h; sourceTree = "<group>"; };
		815259DB17AF96370097E79F /* btCapsuleShape.cpp */ = {isa = PBXFileReference; lastKnownFileType = sourcecode.cpp.cpp; path = btCapsuleShape.cpp; sourceTree = "<group>"; };
		815259DC17AF96370097E79F /* btCapsuleShape.h */ = {isa = PBXFileReference; lastKnownFileType = sourcecode.c.h; path = btCapsuleShape.h; sourceTree = "<group>"; };
		815259DD17AF96370097E79F /* btCollisionMargin.h */ = {isa = PBXFileReference; lastKnownFileType = sourcecode.c.h; path = btCollisionMargin.h; sourceTree = "<group>"; };
		815259DE17AF96370097E79F /* btCollisionShape.cpp */ = {isa = PBXFileReference; lastKnownFileType = sourcecode.cpp.cpp; path = btCollisionShape.cpp; sourceTree = "<group>"; };
		815259DF17AF96370097E79F /* btCollisionShape.h */ = {isa = PBXFileReference; lastKnownFileType = sourcecode.c.h; path = btCollisionShape.h; sourceTree = "<group>"; };
		815259E017AF96370097E79F /* btCompoundShape.cpp */ = {isa = PBXFileReference; lastKnownFileType = sourcecode.cpp.cpp; path = btCompoundShape.cpp; sourceTree = "<group>"; };
		815259E117AF96370097E79F /* btCompoundShape.h */ = {isa = PBXFileReference; lastKnownFileType = sourcecode.c.h; path = btCompoundShape.h; sourceTree = "<group>"; };
		815259E217AF96370097E79F /* btConcaveShape.cpp */ = {isa = PBXFileReference; lastKnownFileType = sourcecode.cpp.cpp; path = btConcaveShape.cpp; sourceTree = "<group>"; };
		815259E317AF96370097E79F /* btConcaveShape.h */ = {isa = PBXFileReference; lastKnownFileType = sourcecode.c.h; path = btConcaveShape.h; sourceTree = "<group>"; };
		815259E417AF96370097E79F /* btConeShape.cpp */ = {isa = PBXFileReference; lastKnownFileType = sourcecode.cpp.cpp; path = btConeShape.cpp; sourceTree = "<group>"; };
		815259E517AF96370097E79F /* btConeShape.h */ = {isa = PBXFileReference; lastKnownFileType = sourcecode.c.h; path = btConeShape.h; sourceTree = "<group>"; };
		815259E617AF96370097E79F /* btConvex2dShape.cpp */ = {isa = PBXFileReference; lastKnownFileType = sourcecode.cpp.cpp; path = btConvex2dShape.cpp; sourceTree = "<group>"; };
		815259E717AF96370097E79F /* btConvex2dShape.h */ = {isa = PBXFileReference; lastKnownFileType = sourcecode.c.h; path = btConvex2dShape.h; sourceTree = "<group>"; };
		815259E817AF96370097E79F /* btConvexHullShape.cpp */ = {isa = PBXFileReference; lastKnownFileType = sourcecode.cpp.cpp; path = btConvexHullShape.cpp; sourceTree = "<group>"; };
		815259E917AF96370097E79F /* btConvexHullShape.h */ = {isa = PBXFileReference; lastKnownFileType = sourcecode.c.h; path = btConvexHullShape.h; sourceTree = "<group>"; };
		815259EA17AF96370097E79F /* btConvexInternalShape.cpp */ = {isa = PBXFileReference; lastKnownFileType = sourcecode.cpp.cpp; path = btConvexInternalShape.cpp; sourceTree = "<group>"; };
		815259EB17AF96370097E79F /* btConvexInternalShape.h */ = {isa = PBXFileReference; lastKnownFileType = sourcecode.c.h; path = btConvexInternalShape.h; sourceTree = "<group>"; };
		815259EC17AF96370097E79F /* btConvexPointCloudShape.cpp */ = {isa = PBXFileReference; lastKnownFileType = sourcecode.cpp.cpp; path = btConvexPointCloudShape.cpp; sourceTree = "<group>"; };
		815259ED17AF96370097E79F /* btConvexPointCloudShape.h */ = {isa = PBXFileReference; lastKnownFileType = sourcecode.c.h; path = btConvexPointCloudShape.h; sourceTree = "<group>"; };
		815259EE17AF96370097E79F /* btConvexPolyhedron.cpp */ = {isa = PBXFileReference; lastKnownFileType = sourcecode.cpp.cpp; path = btConvexPolyhedron.cpp; sourceTree = "<group>"; };
		815259EF17AF96370097E79F /* btConvexPolyhedron.h */ = {isa = PBXFileReference; lastKnownFileType = sourcecode.c.h; path = btConvexPolyhedron.h; sourceTree = "<group>"; };
		815259F017AF96370097E79F /* btConvexShape.cpp */ = {isa = PBXFileReference; lastKnownFileType = sourcecode.cpp.cpp; path = btConvexShape.cpp; sourceTree = "<group>"; };
		815259F117AF96370097E79F /* btConvexShape.h */ = {isa = PBXFileReference; lastKnownFileType = sourcecode.c.h; path = btConvexShape.h; sourceTree = "<group>"; };
		815259F217AF96370097E79F /* btConvexTriangleMeshShape.cpp */ = {isa = PBXFileReference; lastKnownFileType = sourcecode.cpp.cpp; path = btConvexTriangleMeshShape.cpp; sourceTree = "<group>"; };
		815259F317AF96370097E79F /* btConvexTriangleMeshShape.h */ = {isa = PBXFileReference; lastKnownFileType = sourcecode.c.h; path = btConvexTriangleMeshShape.h; sourceTree = "<group>"; };
		815259F417AF96370097E79F /* btCylinderShape.cpp */ = {isa = PBXFileReference; lastKnownFileType = sourcecode.cpp.cpp; path = btCylinderShape.cpp; sourceTree = "<group>"; };
		815259F517AF96370097E79F /* btCylinderShape.h */ = {isa = PBXFileReference; lastKnownFileType = sourcecode.c.h; path = btCylinderShape.h; sourceTree = "<group>"; };
		815259F617AF96370097E79F /* btEmptyShape.cpp */ = {isa = PBXFileReference; lastKnownFileType = sourcecode.cpp.cpp; path = btEmptyShape.cpp; sourceTree = "<group>"; };
		815259F717AF96370097E79F /* btEmptyShape.h */ = {isa = PBXFileReference; lastKnownFileType = sourcecode.c.h; path = btEmptyShape.h; sourceTree = "<group>"; };
		815259F817AF96370097E79F /* btHeightfieldTerrainShape.cpp */ = {isa = PBXFileReference; lastKnownFileType = sourcecode.cpp.cpp; path = btHeightfieldTerrainShape.cpp; sourceTree = "<group>"; };
		815259F917AF96370097E79F /* btHeightfieldTerrainShape.h */ = {isa = PBXFileReference; lastKnownFileType = sourcecode.c.h; path = btHeightfieldTerrainShape.h; sourceTree = "<group>"; };
		815259FA17AF96370097E79F /* btMaterial.h */ = {isa = PBXFileReference; lastKnownFileType = sourcecode.c.h; path = btMaterial.h; sourceTree = "<group>"; };
		815259FB17AF96370097E79F /* btMinkowskiSumShape.cpp */ = {isa = PBXFileReference; lastKnownFileType = sourcecode.cpp.cpp; path = btMinkowskiSumShape.cpp; sourceTree = "<group>"; };
		815259FC17AF96370097E79F /* btMinkowskiSumShape.h */ = {isa = PBXFileReference; lastKnownFileType = sourcecode.c.h; path = btMinkowskiSumShape.h; sourceTree = "<group>"; };
		815259FD17AF96370097E79F /* btMultimaterialTriangleMeshShape.cpp */ = {isa = PBXFileReference; lastKnownFileType = sourcecode.cpp.cpp; path = btMultimaterialTriangleMeshShape.cpp; sourceTree = "<group>"; };
		815259FE17AF96370097E79F /* btMultimaterialTriangleMeshShape.h */ = {isa = PBXFileReference; lastKnownFileType = sourcecode.c.h; path = btMultimaterialTriangleMeshShape.h; sourceTree = "<group>"; };
		815259FF17AF96370097E79F /* btMultiSphereShape.cpp */ = {isa = PBXFileReference; lastKnownFileType = sourcecode.cpp.cpp; path = btMultiSphereShape.cpp; sourceTree = "<group>"; };
		81525A0017AF96370097E79F /* btMultiSphereShape.h */ = {isa = PBXFileReference; lastKnownFileType = sourcecode.c.h; path = btMultiSphereShape.h; sourceTree = "<group>"; };
		81525A0117AF96370097E79F /* btOptimizedBvh.cpp */ = {isa = PBXFileReference; lastKnownFileType = sourcecode.cpp.cpp; path = btOptimizedBvh.cpp; sourceTree = "<group>"; };
		81525A0217AF96370097E79F /* btOptimizedBvh.h */ = {isa = PBXFileReference; lastKnownFileType = sourcecode.c.h; path = btOptimizedBvh.h; sourceTree = "<group>"; };
		81525A0317AF96370097E79F /* btPolyhedralConvexShape.cpp */ = {isa = PBXFileReference; lastKnownFileType = sourcecode.cpp.cpp; path = btPolyhedralConvexShape.cpp; sourceTree = "<group>"; };
		81525A0417AF96370097E79F /* btPolyhedralConvexShape.h */ = {isa = PBXFileReference; lastKnownFileType = sourcecode.c.h; path = btPolyhedralConvexShape.h; sourceTree = "<group>"; };
		81525A0517AF96370097E79F /* btScaledBvhTriangleMeshShape.cpp */ = {isa = PBXFileReference; lastKnownFileType = sourcecode.cpp.cpp; path = btScaledBvhTriangleMeshShape.cpp; sourceTree = "<group>"; };
		81525A0617AF96370097E79F /* btScaledBvhTriangleMeshShape.h */ = {isa = PBXFileReference; lastKnownFileType = sourcecode.c.h; path = btScaledBvhTriangleMeshShape.h; sourceTree = "<group>"; };
		81525A0717AF96370097E79F /* btShapeHull.cpp */ = {isa = PBXFileReference; lastKnownFileType = sourcecode.cpp.cpp; path = btShapeHull.cpp; sourceTree = "<group>"; };
		81525A0817AF96370097E79F /* btShapeHull.h */ = {isa = PBXFileReference; lastKnownFileType = sourcecode.c.h; path = btShapeHull.h; sourceTree = "<group>"; };
		81525A0917AF96370097E79F /* btSphereShape.cpp */ = {isa = PBXFileReference; lastKnownFileType = sourcecode.cpp.cpp; path = btSphereShape.cpp; sourceTree = "<group>"; };
		81525A0A17AF96370097E79F /* btSphereShape.h */ = {isa = PBXFileReference; lastKnownFileType = sourcecode.c.h; path = btSphereShape.h; sourceTree = "<group>"; };
		81525A0B17AF96370097E79F /* btStaticPlaneShape.cpp */ = {isa = PBXFileReference; lastKnownFileType = sourcecode.cpp.cpp; path = btStaticPlaneShape.cpp; sourceTree = "<group>"; };
		81525A0C17AF96370097E79F /* btStaticPlaneShape.h */ = {isa = PBXFileReference; lastKnownFileType = sourcecode.c.h; path = btStaticPlaneShape.h; sourceTree = "<group>"; };
		81525A0D17AF96370097E79F /* btStridingMeshInterface.cpp */ = {isa = PBXFileReference; lastKnownFileType = sourcecode.cpp.cpp; path = btStridingMeshInterface.cpp; sourceTree = "<group>"; };
		81525A0E17AF96370097E79F /* btStridingMeshInterface.h */ = {isa = PBXFileReference; lastKnownFileType = sourcecode.c.h; path = btStridingMeshInterface.h; sourceTree = "<group>"; };
		81525A0F17AF96370097E79F /* btTetrahedronShape.cpp */ = {isa = PBXFileReference; lastKnownFileType = sourcecode.cpp.cpp; path = btTetrahedronShape.cpp; sourceTree = "<group>"; };
		81525A1017AF96370097E79F /* btTetrahedronShape.h */ = {isa = PBXFileReference; lastKnownFileType = sourcecode.c.h; path = btTetrahedronShape.h; sourceTree = "<group>"; };
		81525A1117AF96370097E79F /* btTriangleBuffer.cpp */ = {isa = PBXFileReference; lastKnownFileType = sourcecode.cpp.cpp; path = btTriangleBuffer.cpp; sourceTree = "<group>"; };
		81525A1217AF96370097E79F /* btTriangleBuffer.h */ = {isa = PBXFileReference; lastKnownFileType = sourcecode.c.h; path = btTriangleBuffer.h; sourceTree = "<group>"; };
		81525A1317AF96370097E79F /* btTriangleCallback.cpp */ = {isa = PBXFileReference; lastKnownFileType = sourcecode.cpp.cpp; path = btTriangleCallback.cpp; sourceTree = "<group>"; };
		81525A1417AF96370097E79F /* btTriangleCallback.h */ = {isa = PBXFileReference; lastKnownFileType = sourcecode.c.h; path = btTriangleCallback.h; sourceTree = "<group>"; };
		81525A1517AF96370097E79F /* btTriangleIndexVertexArray.cpp */ = {isa = PBXFileReference; lastKnownFileType = sourcecode.cpp.cpp; path = btTriangleIndexVertexArray.cpp; sourceTree = "<group>"; };
		81525A1617AF96370097E79F /* btTriangleIndexVertexArray.h */ = {isa = PBXFileReference; lastKnownFileType = sourcecode.c.h; path = btTriangleIndexVertexArray.h; sourceTree = "<group>"; };
		81525A1717AF96370097E79F /* btTriangleIndexVertexMaterialArray.cpp */ = {isa = PBXFileReference; lastKnownFileType = sourcecode.cpp.cpp; path = btTriangleIndexVertexMaterialArray.cpp; sourceTree = "<group>"; };
		81525A1817AF96370097E79F /* btTriangleIndexVertexMaterialArray.h */ = {isa = PBXFileReference; lastKnownFileType = sourcecode.c.h; path = btTriangleIndexVertexMaterialArray.h; sourceTree = "<group>"; };
		81525A1917AF96370097E79F /* btTriangleInfoMap.h */ = {isa = PBXFileReference; lastKnownFileType = sourcecode.c.h; path = btTriangleInfoMap.h; sourceTree = "<group>"; };
		81525A1A17AF96370097E79F /* btTriangleMesh.cpp */ = {isa = PBXFileReference; lastKnownFileType = sourcecode.cpp.cpp; path = btTriangleMesh.cpp; sourceTree = "<group>"; };
		81525A1B17AF96370097E79F /* btTriangleMesh.h */ = {isa = PBXFileReference; lastKnownFileType = sourcecode.c.h; path = btTriangleMesh.h; sourceTree = "<group>"; };
		81525A1C17AF96370097E79F /* btTriangleMeshShape.cpp */ = {isa = PBXFileReference; lastKnownFileType = sourcecode.cpp.cpp; path = btTriangleMeshShape.cpp; sourceTree = "<group>"; };
		81525A1D17AF96370097E79F /* btTriangleMeshShape.h */ = {isa = PBXFileReference; lastKnownFileType = sourcecode.c.h; path = btTriangleMeshShape.h; sourceTree = "<group>"; };
		81525A1E17AF96370097E79F /* btTriangleShape.h */ = {isa = PBXFileReference; lastKnownFileType = sourcecode.c.h; path = btTriangleShape.h; sourceTree = "<group>"; };
		81525A1F17AF96370097E79F /* btUniformScalingShape.cpp */ = {isa = PBXFileReference; lastKnownFileType = sourcecode.cpp.cpp; path = btUniformScalingShape.cpp; sourceTree = "<group>"; };
		81525A2017AF96370097E79F /* btUniformScalingShape.h */ = {isa = PBXFileReference; lastKnownFileType = sourcecode.c.h; path = btUniformScalingShape.h; sourceTree = "<group>"; };
		81525A2217AF96370097E79F /* btContinuousConvexCollision.cpp */ = {isa = PBXFileReference; lastKnownFileType = sourcecode.cpp.cpp; path = btContinuousConvexCollision.cpp; sourceTree = "<group>"; };
		81525A2317AF96370097E79F /* btContinuousConvexCollision.h */ = {isa = PBXFileReference; lastKnownFileType = sourcecode.c.h; path = btContinuousConvexCollision.h; sourceTree = "<group>"; };
		81525A2417AF96370097E79F /* btConvexCast.cpp */ = {isa = PBXFileReference; lastKnownFileType = sourcecode.cpp.cpp; path = btConvexCast.cpp; sourceTree = "<group>"; };
		81525A2517AF96370097E79F /* btConvexCast.h */ = {isa = PBXFileReference; lastKnownFileType = sourcecode.c.h; path = btConvexCast.h; sourceTree = "<group>"; };
		81525A2617AF96370097E79F /* btConvexPenetrationDepthSolver.h */ = {isa = PBXFileReference; lastKnownFileType = sourcecode.c.h; path = btConvexPenetrationDepthSolver.h; sourceTree = "<group>"; };
		81525A2717AF96370097E79F /* btDiscreteCollisionDetectorInterface.h */ = {isa = PBXFileReference; lastKnownFileType = sourcecode.c.h; path = btDiscreteCollisionDetectorInterface.h; sourceTree = "<group>"; };
		81525A2817AF96370097E79F /* btGjkConvexCast.cpp */ = {isa = PBXFileReference; lastKnownFileType = sourcecode.cpp.cpp; path = btGjkConvexCast.cpp; sourceTree = "<group>"; };
		81525A2917AF96370097E79F /* btGjkConvexCast.h */ = {isa = PBXFileReference; lastKnownFileType = sourcecode.c.h; path = btGjkConvexCast.h; sourceTree = "<group>"; };
		81525A2A17AF96370097E79F /* btGjkEpa2.cpp */ = {isa = PBXFileReference; lastKnownFileType = sourcecode.cpp.cpp; path = btGjkEpa2.cpp; sourceTree = "<group>"; };
		81525A2B17AF96370097E79F /* btGjkEpa2.h */ = {isa = PBXFileReference; lastKnownFileType = sourcecode.c.h; path = btGjkEpa2.h; sourceTree = "<group>"; };
		81525A2C17AF96370097E79F /* btGjkEpaPenetrationDepthSolver.cpp */ = {isa = PBXFileReference; lastKnownFileType = sourcecode.cpp.cpp; path = btGjkEpaPenetrationDepthSolver.cpp; sourceTree = "<group>"; };
		81525A2D17AF96370097E79F /* btGjkEpaPenetrationDepthSolver.h */ = {isa = PBXFileReference; lastKnownFileType = sourcecode.c.h; path = btGjkEpaPenetrationDepthSolver.h; sourceTree = "<group>"; };
		81525A2E17AF96370097E79F /* btGjkPairDetector.cpp */ = {isa = PBXFileReference; lastKnownFileType = sourcecode.cpp.cpp; path = btGjkPairDetector.cpp; sourceTree = "<group>"; };
		81525A2F17AF96370097E79F /* btGjkPairDetector.h */ = {isa = PBXFileReference; lastKnownFileType = sourcecode.c.h; path = btGjkPairDetector.h; sourceTree = "<group>"; };
		81525A3017AF96370097E79F /* btManifoldPoint.h */ = {isa = PBXFileReference; lastKnownFileType = sourcecode.c.h; path = btManifoldPoint.h; sourceTree = "<group>"; };
		81525A3117AF96370097E79F /* btMinkowskiPenetrationDepthSolver.cpp */ = {isa = PBXFileReference; lastKnownFileType = sourcecode.cpp.cpp; path = btMinkowskiPenetrationDepthSolver.cpp; sourceTree = "<group>"; };
		81525A3217AF96370097E79F /* btMinkowskiPenetrationDepthSolver.h */ = {isa = PBXFileReference; lastKnownFileType = sourcecode.c.h; path = btMinkowskiPenetrationDepthSolver.h; sourceTree = "<group>"; };
		81525A3317AF96370097E79F /* btPersistentManifold.cpp */ = {isa = PBXFileReference; lastKnownFileType = sourcecode.cpp.cpp; path = btPersistentManifold.cpp; sourceTree = "<group>"; };
		81525A3417AF96370097E79F /* btPersistentManifold.h */ = {isa = PBXFileReference; lastKnownFileType = sourcecode.c.h; path = btPersistentManifold.h; sourceTree = "<group>"; };
		81525A3517AF96370097E79F /* btPointCollector.h */ = {isa = PBXFileReference; lastKnownFileType = sourcecode.c.h; path = btPointCollector.h; sourceTree = "<group>"; };
		81525A3617AF96370097E79F /* btPolyhedralContactClipping.cpp */ = {isa = PBXFileReference; lastKnownFileType = sourcecode.cpp.cpp; path = btPolyhedralContactClipping.cpp; sourceTree = "<group>"; };
		81525A3717AF96370097E79F /* btPolyhedralContactClipping.h */ = {isa = PBXFileReference; lastKnownFileType = sourcecode.c.h; path = btPolyhedralContactClipping.h; sourceTree = "<group>"; };
		81525A3817AF96370097E79F /* btRaycastCallback.cpp */ = {isa = PBXFileReference; lastKnownFileType = sourcecode.cpp.cpp; path = btRaycastCallback.cpp; sourceTree = "<group>"; };
		81525A3917AF96370097E79F /* btRaycastCallback.h */ = {isa = PBXFileReference; lastKnownFileType = sourcecode.c.h; path = btRaycastCallback.h; sourceTree = "<group>"; };
		81525A3A17AF96370097E79F /* btSimplexSolverInterface.h */ = {isa = PBXFileReference; lastKnownFileType = sourcecode.c.h; path = btSimplexSolverInterface.h; sourceTree = "<group>"; };
		81525A3B17AF96370097E79F /* btSubSimplexConvexCast.cpp */ = {isa = PBXFileReference; lastKnownFileType = sourcecode.cpp.cpp; path = btSubSimplexConvexCast.cpp; sourceTree = "<group>"; };
		81525A3C17AF96370097E79F /* btSubSimplexConvexCast.h */ = {isa = PBXFileReference; lastKnownFileType = sourcecode.c.h; path = btSubSimplexConvexCast.h; sourceTree = "<group>"; };
		81525A3D17AF96370097E79F /* btVoronoiSimplexSolver.cpp */ = {isa = PBXFileReference; lastKnownFileType = sourcecode.cpp.cpp; path = btVoronoiSimplexSolver.cpp; sourceTree = "<group>"; };
		81525A3E17AF96370097E79F /* btVoronoiSimplexSolver.h */ = {isa = PBXFileReference; lastKnownFileType = sourcecode.c.h; path = btVoronoiSimplexSolver.h; sourceTree = "<group>"; };
		81525A4117AF96370097E79F /* btCharacterControllerInterface.h */ = {isa = PBXFileReference; lastKnownFileType = sourcecode.c.h; path = btCharacterControllerInterface.h; sourceTree = "<group>"; };
		81525A4217AF96370097E79F /* btKinematicCharacterController.cpp */ = {isa = PBXFileReference; lastKnownFileType = sourcecode.cpp.cpp; path = btKinematicCharacterController.cpp; sourceTree = "<group>"; };
		81525A4317AF96370097E79F /* btKinematicCharacterController.h */ = {isa = PBXFileReference; lastKnownFileType = sourcecode.c.h; path = btKinematicCharacterController.h; sourceTree = "<group>"; };
		81525A4517AF96370097E79F /* btConeTwistConstraint.cpp */ = {isa = PBXFileReference; lastKnownFileType = sourcecode.cpp.cpp; path = btConeTwistConstraint.cpp; sourceTree = "<group>"; };
		81525A4617AF96370097E79F /* btConeTwistConstraint.h */ = {isa = PBXFileReference; lastKnownFileType = sourcecode.c.h; path = btConeTwistConstraint.h; sourceTree = "<group>"; };
		81525A4717AF96370097E79F /* btConstraintSolver.h */ = {isa = PBXFileReference; lastKnownFileType = sourcecode.c.h; path = btConstraintSolver.h; sourceTree = "<group>"; };
		81525A4817AF96370097E79F /* btContactConstraint.cpp */ = {isa = PBXFileReference; lastKnownFileType = sourcecode.cpp.cpp; path = btContactConstraint.cpp; sourceTree = "<group>"; };
		81525A4917AF96370097E79F /* btContactConstraint.h */ = {isa = PBXFileReference; lastKnownFileType = sourcecode.c.h; path = btContactConstraint.h; sourceTree = "<group>"; };
		81525A4A17AF96370097E79F /* btContactSolverInfo.h */ = {isa = PBXFileReference; lastKnownFileType = sourcecode.c.h; path = btContactSolverInfo.h; sourceTree = "<group>"; };
		81525A4B17AF96370097E79F /* btGeneric6DofConstraint.cpp */ = {isa = PBXFileReference; lastKnownFileType = sourcecode.cpp.cpp; path = btGeneric6DofConstraint.cpp; sourceTree = "<group>"; };
		81525A4C17AF96370097E79F /* btGeneric6DofConstraint.h */ = {isa = PBXFileReference; lastKnownFileType = sourcecode.c.h; path = btGeneric6DofConstraint.h; sourceTree = "<group>"; };
		81525A4D17AF96370097E79F /* btGeneric6DofSpringConstraint.cpp */ = {isa = PBXFileReference; lastKnownFileType = sourcecode.cpp.cpp; path = btGeneric6DofSpringConstraint.cpp; sourceTree = "<group>"; };
		81525A4E17AF96370097E79F /* btGeneric6DofSpringConstraint.h */ = {isa = PBXFileReference; lastKnownFileType = sourcecode.c.h; path = btGeneric6DofSpringConstraint.h; sourceTree = "<group>"; };
		81525A4F17AF96370097E79F /* btHinge2Constraint.cpp */ = {isa = PBXFileReference; lastKnownFileType = sourcecode.cpp.cpp; path = btHinge2Constraint.cpp; sourceTree = "<group>"; };
		81525A5017AF96370097E79F /* btHinge2Constraint.h */ = {isa = PBXFileReference; lastKnownFileType = sourcecode.c.h; path = btHinge2Constraint.h; sourceTree = "<group>"; };
		81525A5117AF96370097E79F /* btHingeConstraint.cpp */ = {isa = PBXFileReference; lastKnownFileType = sourcecode.cpp.cpp; path = btHingeConstraint.cpp; sourceTree = "<group>"; };
		81525A5217AF96370097E79F /* btHingeConstraint.h */ = {isa = PBXFileReference; lastKnownFileType = sourcecode.c.h; path = btHingeConstraint.h; sourceTree = "<group>"; };
		81525A5317AF96370097E79F /* btJacobianEntry.h */ = {isa = PBXFileReference; lastKnownFileType = sourcecode.c.h; path = btJacobianEntry.h; sourceTree = "<group>"; };
		81525A5417AF96370097E79F /* btPoint2PointConstraint.cpp */ = {isa = PBXFileReference; lastKnownFileType = sourcecode.cpp.cpp; path = btPoint2PointConstraint.cpp; sourceTree = "<group>"; };
		81525A5517AF96370097E79F /* btPoint2PointConstraint.h */ = {isa = PBXFileReference; lastKnownFileType = sourcecode.c.h; path = btPoint2PointConstraint.h; sourceTree = "<group>"; };
		81525A5617AF96370097E79F /* btSequentialImpulseConstraintSolver.cpp */ = {isa = PBXFileReference; lastKnownFileType = sourcecode.cpp.cpp; path = btSequentialImpulseConstraintSolver.cpp; sourceTree = "<group>"; };
		81525A5717AF96370097E79F /* btSequentialImpulseConstraintSolver.h */ = {isa = PBXFileReference; lastKnownFileType = sourcecode.c.h; path = btSequentialImpulseConstraintSolver.h; sourceTree = "<group>"; };
		81525A5817AF96370097E79F /* btSliderConstraint.cpp */ = {isa = PBXFileReference; lastKnownFileType = sourcecode.cpp.cpp; path = btSliderConstraint.cpp; sourceTree = "<group>"; };
		81525A5917AF96370097E79F /* btSliderConstraint.h */ = {isa = PBXFileReference; lastKnownFileType = sourcecode.c.h; path = btSliderConstraint.h; sourceTree = "<group>"; };
		81525A5A17AF96370097E79F /* btSolve2LinearConstraint.cpp */ = {isa = PBXFileReference; lastKnownFileType = sourcecode.cpp.cpp; path = btSolve2LinearConstraint.cpp; sourceTree = "<group>"; };
		81525A5B17AF96370097E79F /* btSolve2LinearConstraint.h */ = {isa = PBXFileReference; lastKnownFileType = sourcecode.c.h; path = btSolve2LinearConstraint.h; sourceTree = "<group>"; };
		81525A5C17AF96370097E79F /* btSolverBody.h */ = {isa = PBXFileReference; lastKnownFileType = sourcecode.c.h; path = btSolverBody.h; sourceTree = "<group>"; };
		81525A5D17AF96370097E79F /* btSolverConstraint.h */ = {isa = PBXFileReference; lastKnownFileType = sourcecode.c.h; path = btSolverConstraint.h; sourceTree = "<group>"; };
		81525A5E17AF96370097E79F /* btTypedConstraint.cpp */ = {isa = PBXFileReference; lastKnownFileType = sourcecode.cpp.cpp; path = btTypedConstraint.cpp; sourceTree = "<group>"; };
		81525A5F17AF96370097E79F /* btTypedConstraint.h */ = {isa = PBXFileReference; lastKnownFileType = sourcecode.c.h; path = btTypedConstraint.h; sourceTree = "<group>"; };
		81525A6017AF96370097E79F /* btUniversalConstraint.cpp */ = {isa = PBXFileReference; lastKnownFileType = sourcecode.cpp.cpp; path = btUniversalConstraint.cpp; sourceTree = "<group>"; };
		81525A6117AF96370097E79F /* btUniversalConstraint.h */ = {isa = PBXFileReference; lastKnownFileType = sourcecode.c.h; path = btUniversalConstraint.h; sourceTree = "<group>"; };
		81525A6317AF96370097E79F /* btActionInterface.h */ = {isa = PBXFileReference; lastKnownFileType = sourcecode.c.h; path = btActionInterface.h; sourceTree = "<group>"; };
		81525A6417AF96370097E79F /* btContinuousDynamicsWorld.cpp */ = {isa = PBXFileReference; lastKnownFileType = sourcecode.cpp.cpp; path = btContinuousDynamicsWorld.cpp; sourceTree = "<group>"; };
		81525A6517AF96370097E79F /* btContinuousDynamicsWorld.h */ = {isa = PBXFileReference; lastKnownFileType = sourcecode.c.h; path = btContinuousDynamicsWorld.h; sourceTree = "<group>"; };
		81525A6617AF96370097E79F /* btDiscreteDynamicsWorld.cpp */ = {isa = PBXFileReference; lastKnownFileType = sourcecode.cpp.cpp; path = btDiscreteDynamicsWorld.cpp; sourceTree = "<group>"; };
		81525A6717AF96370097E79F /* btDiscreteDynamicsWorld.h */ = {isa = PBXFileReference; lastKnownFileType = sourcecode.c.h; path = btDiscreteDynamicsWorld.h; sourceTree = "<group>"; };
		81525A6817AF96370097E79F /* btDynamicsWorld.h */ = {isa = PBXFileReference; lastKnownFileType = sourcecode.c.h; path = btDynamicsWorld.h; sourceTree = "<group>"; };
		81525A6917AF96370097E79F /* btRigidBody.cpp */ = {isa = PBXFileReference; lastKnownFileType = sourcecode.cpp.cpp; path = btRigidBody.cpp; sourceTree = "<group>"; };
		81525A6A17AF96370097E79F /* btRigidBody.h */ = {isa = PBXFileReference; lastKnownFileType = sourcecode.c.h; path = btRigidBody.h; sourceTree = "<group>"; };
		81525A6B17AF96370097E79F /* btSimpleDynamicsWorld.cpp */ = {isa = PBXFileReference; lastKnownFileType = sourcecode.cpp.cpp; path = btSimpleDynamicsWorld.cpp; sourceTree = "<group>"; };
		81525A6C17AF96370097E79F /* btSimpleDynamicsWorld.h */ = {isa = PBXFileReference; lastKnownFileType = sourcecode.c.h; path = btSimpleDynamicsWorld.h; sourceTree = "<group>"; };
		81525A6D17AF96370097E79F /* Bullet-C-API.cpp */ = {isa = PBXFileReference; lastKnownFileType = sourcecode.cpp.cpp; path = "Bullet-C-API.cpp"; sourceTree = "<group>"; };
		81525A6F17AF96370097E79F /* btRaycastVehicle.cpp */ = {isa = PBXFileReference; lastKnownFileType = sourcecode.cpp.cpp; path = btRaycastVehicle.cpp; sourceTree = "<group>"; };
		81525A7017AF96370097E79F /* btRaycastVehicle.h */ = {isa = PBXFileReference; lastKnownFileType = sourcecode.c.h; path = btRaycastVehicle.h; sourceTree = "<group>"; };
		81525A7117AF96370097E79F /* btVehicleRaycaster.h */ = {isa = PBXFileReference; lastKnownFileType = sourcecode.c.h; path = btVehicleRaycaster.h; sourceTree = "<group>"; };
		81525A7217AF96370097E79F /* btWheelInfo.cpp */ = {isa = PBXFileReference; lastKnownFileType = sourcecode.cpp.cpp; path = btWheelInfo.cpp; sourceTree = "<group>"; };
		81525A7317AF96370097E79F /* btWheelInfo.h */ = {isa = PBXFileReference; lastKnownFileType = sourcecode.c.h; path = btWheelInfo.h; sourceTree = "<group>"; };
		81525A7517AF96370097E79F /* btAabbUtil2.h */ = {isa = PBXFileReference; lastKnownFileType = sourcecode.c.h; path = btAabbUtil2.h; sourceTree = "<group>"; };
		81525A7617AF96370097E79F /* btAlignedAllocator.cpp */ = {isa = PBXFileReference; lastKnownFileType = sourcecode.cpp.cpp; path = btAlignedAllocator.cpp; sourceTree = "<group>"; };
		81525A7717AF96370097E79F /* btAlignedAllocator.h */ = {isa = PBXFileReference; lastKnownFileType = sourcecode.c.h; path = btAlignedAllocator.h; sourceTree = "<group>"; };
		81525A7817AF96370097E79F /* btAlignedObjectArray.h */ = {isa = PBXFileReference; lastKnownFileType = sourcecode.c.h; path = btAlignedObjectArray.h; sourceTree = "<group>"; };
		81525A7917AF96370097E79F /* btConvexHull.cpp */ = {isa = PBXFileReference; lastKnownFileType = sourcecode.cpp.cpp; path = btConvexHull.cpp; sourceTree = "<group>"; };
		81525A7A17AF96370097E79F /* btConvexHull.h */ = {isa = PBXFileReference; lastKnownFileType = sourcecode.c.h; path = btConvexHull.h; sourceTree = "<group>"; };
		81525A7B17AF96370097E79F /* btConvexHullComputer.cpp */ = {isa = PBXFileReference; lastKnownFileType = sourcecode.cpp.cpp; path = btConvexHullComputer.cpp; sourceTree = "<group>"; };
		81525A7C17AF96370097E79F /* btConvexHullComputer.h */ = {isa = PBXFileReference; lastKnownFileType = sourcecode.c.h; path = btConvexHullComputer.h; sourceTree = "<group>"; };
		81525A7D17AF96370097E79F /* btDefaultMotionState.h */ = {isa = PBXFileReference; lastKnownFileType = sourcecode.c.h; path = btDefaultMotionState.h; sourceTree = "<group>"; };
		81525A7E17AF96370097E79F /* btGeometryUtil.cpp */ = {isa = PBXFileReference; lastKnownFileType = sourcecode.cpp.cpp; path = btGeometryUtil.cpp; sourceTree = "<group>"; };
		81525A7F17AF96370097E79F /* btGeometryUtil.h */ = {isa = PBXFileReference; lastKnownFileType = sourcecode.c.h; path = btGeometryUtil.h; sourceTree = "<group>"; };
		81525A8017AF96370097E79F /* btHashMap.h */ = {isa = PBXFileReference; lastKnownFileType = sourcecode.c.h; path = btHashMap.h; sourceTree = "<group>"; };
		81525A8117AF96370097E79F /* btIDebugDraw.h */ = {isa = PBXFileReference; lastKnownFileType = sourcecode.c.h; path = btIDebugDraw.h; sourceTree = "<group>"; };
		81525A8217AF96370097E79F /* btList.h */ = {isa = PBXFileReference; lastKnownFileType = sourcecode.c.h; path = btList.h; sourceTree = "<group>"; };
		81525A8317AF96370097E79F /* btMatrix3x3.h */ = {isa = PBXFileReference; lastKnownFileType = sourcecode.c.h; path = btMatrix3x3.h; sourceTree = "<group>"; };
		81525A8417AF96370097E79F /* btMinMax.h */ = {isa = PBXFileReference; lastKnownFileType = sourcecode.c.h; path = btMinMax.h; sourceTree = "<group>"; };
		81525A8517AF96370097E79F /* btMotionState.h */ = {isa = PBXFileReference; lastKnownFileType = sourcecode.c.h; path = btMotionState.h; sourceTree = "<group>"; };
		81525A8617AF96370097E79F /* btPoolAllocator.h */ = {isa = PBXFileReference; lastKnownFileType = sourcecode.c.h; path = btPoolAllocator.h; sourceTree = "<group>"; };
		81525A8717AF96370097E79F /* btQuadWord.h */ = {isa = PBXFileReference; lastKnownFileType = sourcecode.c.h; path = btQuadWord.h; sourceTree = "<group>"; };
		81525A8817AF96370097E79F /* btQuaternion.h */ = {isa = PBXFileReference; lastKnownFileType = sourcecode.c.h; path = btQuaternion.h; sourceTree = "<group>"; };
		81525A8917AF96370097E79F /* btQuickprof.cpp */ = {isa = PBXFileReference; lastKnownFileType = sourcecode.cpp.cpp; path = btQuickprof.cpp; sourceTree = "<group>"; };
		81525A8A17AF96370097E79F /* btQuickprof.h */ = {isa = PBXFileReference; lastKnownFileType = sourcecode.c.h; path = btQuickprof.h; sourceTree = "<group>"; };
		81525A8B17AF96370097E79F /* btRandom.h */ = {isa = PBXFileReference; lastKnownFileType = sourcecode.c.h; path = btRandom.h; sourceTree = "<group>"; };
		81525A8C17AF96370097E79F /* btScalar.h */ = {isa = PBXFileReference; lastKnownFileType = sourcecode.c.h; path = btScalar.h; sourceTree = "<group>"; };
		81525A8D17AF96370097E79F /* btSerializer.cpp */ = {isa = PBXFileReference; lastKnownFileType = sourcecode.cpp.cpp; path = btSerializer.cpp; sourceTree = "<group>"; };
		81525A8E17AF96370097E79F /* btSerializer.h */ = {isa = PBXFileReference; lastKnownFileType = sourcecode.c.h; path = btSerializer.h; sourceTree = "<group>"; };
		81525A8F17AF96370097E79F /* btStackAlloc.h */ = {isa = PBXFileReference; lastKnownFileType = sourcecode.c.h; path = btStackAlloc.h; sourceTree = "<group>"; };
		81525A9017AF96370097E79F /* btTransform.h */ = {isa = PBXFileReference; lastKnownFileType = sourcecode.c.h; path = btTransform.h; sourceTree = "<group>"; };
		81525A9117AF96370097E79F /* btTransformUtil.h */ = {isa = PBXFileReference; lastKnownFileType = sourcecode.c.h; path = btTransformUtil.h; sourceTree = "<group>"; };
		81525A9217AF96370097E79F /* btVector3.h */ = {isa = PBXFileReference; lastKnownFileType = sourcecode.c.h; path = btVector3.h; sourceTree = "<group>"; };
		81525A9317AF96370097E79F /* physics.h */ = {isa = PBXFileReference; lastKnownFileType = sourcecode.c.h; path = physics.h; sourceTree = "<group>"; };
		81525A9417AF96370097E79F /* physics_world.h */ = {isa = PBXFileReference; lastKnownFileType = sourcecode.c.h; path = physics_world.h; sourceTree = "<group>"; };
		81525A9717AF96370097E79F /* al.h */ = {isa = PBXFileReference; lastKnownFileType = sourcecode.c.h; path = al.h; sourceTree = "<group>"; };
		81525A9817AF96370097E79F /* alc.h */ = {isa = PBXFileReference; lastKnownFileType = sourcecode.c.h; path = alc.h; sourceTree = "<group>"; };
		81525A9917AF96370097E79F /* efx-creative.h */ = {isa = PBXFileReference; lastKnownFileType = sourcecode.c.h; path = "efx-creative.h"; sourceTree = "<group>"; };
		81525A9A17AF96370097E79F /* EFX-Util.h */ = {isa = PBXFileReference; lastKnownFileType = sourcecode.c.h; path = "EFX-Util.h"; sourceTree = "<group>"; };
		81525A9B17AF96370097E79F /* efx.h */ = {isa = PBXFileReference; lastKnownFileType = sourcecode.c.h; path = efx.h; sourceTree = "<group>"; };
		81525A9C17AF96370097E79F /* xram.h */ = {isa = PBXFileReference; lastKnownFileType = sourcecode.c.h; path = xram.h; sourceTree = "<group>"; };
		81525A9D17AF96370097E79F /* app_common.h */ = {isa = PBXFileReference; lastKnownFileType = sourcecode.c.h; path = app_common.h; sourceTree = "<group>"; };
		81525A9F17AF96370097E79F /* cl.h */ = {isa = PBXFileReference; lastKnownFileType = sourcecode.c.h; path = cl.h; sourceTree = "<group>"; };
		81525AA017AF96370097E79F /* cl_d3d10_ext.h */ = {isa = PBXFileReference; lastKnownFileType = sourcecode.c.h; path = cl_d3d10_ext.h; sourceTree = "<group>"; };
		81525AA117AF96370097E79F /* cl_d3d11_ext.h */ = {isa = PBXFileReference; lastKnownFileType = sourcecode.c.h; path = cl_d3d11_ext.h; sourceTree = "<group>"; };
		81525AA217AF96370097E79F /* cl_d3d9_ext.h */ = {isa = PBXFileReference; lastKnownFileType = sourcecode.c.h; path = cl_d3d9_ext.h; sourceTree = "<group>"; };
		81525AA317AF96370097E79F /* cl_ext.h */ = {isa = PBXFileReference; lastKnownFileType = sourcecode.c.h; path = cl_ext.h; sourceTree = "<group>"; };
		81525AA417AF96370097E79F /* cl_gl.h */ = {isa = PBXFileReference; lastKnownFileType = sourcecode.c.h; path = cl_gl.h; sourceTree = "<group>"; };
		81525AA517AF96370097E79F /* cl_gl_ext.h */ = {isa = PBXFileReference; lastKnownFileType = sourcecode.c.h; path = cl_gl_ext.h; sourceTree = "<group>"; };
		81525AA617AF96370097E79F /* cl_platform.h */ = {isa = PBXFileReference; lastKnownFileType = sourcecode.c.h; path = cl_platform.h; sourceTree = "<group>"; };
		81525AA717AF96370097E79F /* opencl.h */ = {isa = PBXFileReference; lastKnownFileType = sourcecode.c.h; path = opencl.h; sourceTree = "<group>"; };
		81525AA917AF96370097E79F /* freeglut.h */ = {isa = PBXFileReference; lastKnownFileType = sourcecode.c.h; path = freeglut.h; sourceTree = "<group>"; };
		81525AAA17AF96370097E79F /* freeglut_ext.h */ = {isa = PBXFileReference; lastKnownFileType = sourcecode.c.h; path = freeglut_ext.h; sourceTree = "<group>"; };
		81525AAB17AF96370097E79F /* freeglut_std.h */ = {isa = PBXFileReference; lastKnownFileType = sourcecode.c.h; path = freeglut_std.h; sourceTree = "<group>"; };
		81525AAC17AF96370097E79F /* glut.h */ = {isa = PBXFileReference; lastKnownFileType = sourcecode.c.h; path = glut.h; sourceTree = "<group>"; };
		81525AAD17AF96370097E79F /* gl_defs.h */ = {isa = PBXFileReference; lastKnownFileType = sourcecode.c.h; path = gl_defs.h; sourceTree = "<group>"; };
		81525AAE17AF96370097E79F /* glut_specific.h */ = {isa = PBXFileReference; lastKnownFileType = sourcecode.c.h; path = glut_specific.h; sourceTree = "<group>"; };
		81525AAF17AF96370097E79F /* osx_specific.h */ = {isa = PBXFileReference; lastKnownFileType = sourcecode.c.h; path = osx_specific.h; sourceTree = "<group>"; };
		81525AB017AF96370097E79F /* platform.h */ = {isa = PBXFileReference; lastKnownFileType = sourcecode.c.h; path = platform.h; sourceTree = "<group>"; };
		81525AB117AF96370097E79F /* windows_specific.h */ = {isa = PBXFileReference; lastKnownFileType = sourcecode.c.h; path = windows_specific.h; sourceTree = "<group>"; };
		81525AB317AF96370097E79F /* raytracer.h */ = {isa = PBXFileReference; lastKnownFileType = sourcecode.c.h; path = raytracer.h; sourceTree = "<group>"; };
		81525AB517AF96370097E79F /* animation_target.h */ = {isa = PBXFileReference; lastKnownFileType = sourcecode.c.h; path = animation_target.h; sourceTree = "<group>"; };
		81525AB617AF96370097E79F /* app_utils.h */ = {isa = PBXFileReference; lastKnownFileType = sourcecode.c.h; path = app_utils.h; sourceTree = "<group>"; };
		81525AB717AF96370097E79F /* atoms.h */ = {isa = PBXFileReference; lastKnownFileType = sourcecode.c.h; path = atoms.h; sourceTree = "<group>"; };
		81525AB817AF96370097E79F /* gl_resource.h */ = {isa = PBXFileReference; lastKnownFileType = sourcecode.c.h; path = gl_resource.h; sourceTree = "<group>"; };
		81525AB917AF96370097E79F /* http_writer.h */ = {isa = PBXFileReference; lastKnownFileType = sourcecode.c.h; path = http_writer.h; sourceTree = "<group>"; };
		81525ABA17AF96370097E79F /* mesh_builder.h */ = {isa = PBXFileReference; lastKnownFileType = sourcecode.c.h; path = mesh_builder.h; sourceTree = "<group>"; };
		81525ABB17AF96370097E79F /* mesh_builder.inl */ = {isa = PBXFileReference; lastKnownFileType = text; path = mesh_builder.inl; sourceTree = "<group>"; };
		81525ABC17AF96370097E79F /* resource.h */ = {isa = PBXFileReference; lastKnownFileType = sourcecode.c.h; path = resource.h; sourceTree = "<group>"; };
		81525ABD17AF96370097E79F /* resources.h */ = {isa = PBXFileReference; lastKnownFileType = sourcecode.c.h; path = resources.h; sourceTree = "<group>"; };
		81525ABE17AF96370097E79F /* resources.inl */ = {isa = PBXFileReference; lastKnownFileType = text; path = resources.inl; sourceTree = "<group>"; };
		81525ABF17AF96370097E79F /* url_finder.h */ = {isa = PBXFileReference; lastKnownFileType = sourcecode.c.h; path = url_finder.h; sourceTree = "<group>"; };
		81525AC017AF96370097E79F /* visitor.h */ = {isa = PBXFileReference; lastKnownFileType = sourcecode.c.h; path = visitor.h; sourceTree = "<group>"; };
		81525AC117AF96370097E79F /* xml_writer.h */ = {isa = PBXFileReference; lastKnownFileType = sourcecode.c.h; path = xml_writer.h; sourceTree = "<group>"; };
		81525AC317AF96370097E79F /* animation.h */ = {isa = PBXFileReference; lastKnownFileType = sourcecode.c.h; path = animation.h; sourceTree = "<group>"; };
		81525AC417AF96370097E79F /* animation_instance.h */ = {isa = PBXFileReference; lastKnownFileType = sourcecode.c.h; path = animation_instance.h; sourceTree = "<group>"; };
		81525AC517AF96370097E79F /* camera_instance.h */ = {isa = PBXFileReference; lastKnownFileType = sourcecode.c.h; path = camera_instance.h; sourceTree = "<group>"; };
		81525AC617AF96370097E79F /* image.h */ = {isa = PBXFileReference; lastKnownFileType = sourcecode.c.h; path = image.h; sourceTree = "<group>"; };
		81525AC717AF96370097E79F /* light_instance.h */ = {isa = PBXFileReference; lastKnownFileType = sourcecode.c.h; path = light_instance.h; sourceTree = "<group>"; };
		81525AC817AF96370097E79F /* material.h */ = {isa = PBXFileReference; lastKnownFileType = sourcecode.c.h; path = material.h; sourceTree = "<group>"; };
		81525AC917AF96370097E79F /* mesh.h */ = {isa = PBXFileReference; lastKnownFileType = sourcecode.c.h; path = mesh.h; sourceTree = "<group>"; };
		81525ACA17AF96370097E79F /* mesh_instance.h */ = {isa = PBXFileReference; lastKnownFileType = sourcecode.c.h; path = mesh_instance.h; sourceTree = "<group>"; };
		81525ACB17AF96370097E79F /* param.h */ = {isa = PBXFileReference; lastKnownFileType = sourcecode.c.h; path = param.h; sourceTree = "<group>"; };
		81525ACC17AF96370097E79F /* scene.h */ = {isa = PBXFileReference; lastKnownFileType = sourcecode.c.h; path = scene.h; sourceTree = "<group>"; };
		81525ACD17AF96370097E79F /* scene_node.h */ = {isa = PBXFileReference; lastKnownFileType = sourcecode.c.h; path = scene_node.h; sourceTree = "<group>"; };
		81525ACE17AF96370097E79F /* skeleton.h */ = {isa = PBXFileReference; lastKnownFileType = sourcecode.c.h; path = skeleton.h; sourceTree = "<group>"; };
		81525ACF17AF96370097E79F /* skin.h */ = {isa = PBXFileReference; lastKnownFileType = sourcecode.c.h; path = skin.h; sourceTree = "<group>"; };
		81525AD117AF96370097E79F /* bump_shader.h */ = {isa = PBXFileReference; lastKnownFileType = sourcecode.c.h; path = bump_shader.h; sourceTree = "<group>"; };
		81525AD217AF96370097E79F /* color_shader.h */ = {isa = PBXFileReference; lastKnownFileType = sourcecode.c.h; path = color_shader.h; sourceTree = "<group>"; };
		81525AD317AF96370097E79F /* phong_shader.h */ = {isa = PBXFileReference; lastKnownFileType = sourcecode.c.h; path = phong_shader.h; sourceTree = "<group>"; };
		81525AD417AF96370097E79F /* shader.h */ = {isa = PBXFileReference; lastKnownFileType = sourcecode.c.h; path = shader.h; sourceTree = "<group>"; };
		81525AD517AF96370097E79F /* texture_shader.h */ = {isa = PBXFileReference; lastKnownFileType = sourcecode.c.h; path = texture_shader.h; sourceTree = "<group>"; };
		81525AD717AF96370097E79F /* tinystr.cpp */ = {isa = PBXFileReference; lastKnownFileType = sourcecode.cpp.cpp; path = tinystr.cpp; sourceTree = "<group>"; };
		81525AD817AF96370097E79F /* tinystr.h */ = {isa = PBXFileReference; lastKnownFileType = sourcecode.c.h; path = tinystr.h; sourceTree = "<group>"; };
		81525AD917AF96370097E79F /* tinyxml.cpp */ = {isa = PBXFileReference; lastKnownFileType = sourcecode.cpp.cpp; path = tinyxml.cpp; sourceTree = "<group>"; };
		81525ADA17AF96370097E79F /* tinyxml.h */ = {isa = PBXFileReference; lastKnownFileType = sourcecode.c.h; path = tinyxml.h; sourceTree = "<group>"; };
		81525ADB17AF96370097E79F /* tinyxmlerror.cpp */ = {isa = PBXFileReference; lastKnownFileType = sourcecode.cpp.cpp; path = tinyxmlerror.cpp; sourceTree = "<group>"; };
		81525ADC17AF96370097E79F /* tinyxmlparser.cpp */ = {isa = PBXFileReference; lastKnownFileType = sourcecode.cpp.cpp; path = tinyxmlparser.cpp; sourceTree = "<group>"; };
		81525ADE17AF96C80097E79F /* OpenAL.framework */ = {isa = PBXFileReference; lastKnownFileType = wrapper.framework; name = OpenAL.framework; path = System/Library/Frameworks/OpenAL.framework; sourceTree = SDKROOT; };
		81525ADF17AF96C80097E79F /* OpenCL.framework */ = {isa = PBXFileReference; lastKnownFileType = wrapper.framework; name = OpenCL.framework; path = System/Library/Frameworks/OpenCL.framework; sourceTree = SDKROOT; };
		81525AE117AF96C80097E79F /* OpenGL.framework */ = {isa = PBXFileReference; lastKnownFileType = wrapper.framework; name = OpenGL.framework; path = System/Library/Frameworks/OpenGL.framework; sourceTree = SDKROOT; };
		81525AE617AF96D70097E79F /* GLUT.framework */ = {isa = PBXFileReference; lastKnownFileType = wrapper.framework; name = GLUT.framework; path = System/Library/Frameworks/GLUT.framework; sourceTree = SDKROOT; };
/* End PBXFileReference section */

/* Begin PBXFrameworksBuildPhase section */
		8152594117AF96100097E79F /* Frameworks */ = {
			isa = PBXFrameworksBuildPhase;
			buildActionMask = 2147483647;
			files = (
				81525AE717AF96D70097E79F /* GLUT.framework in Frameworks */,
				81525AE217AF96C80097E79F /* OpenAL.framework in Frameworks */,
				81525AE317AF96C80097E79F /* OpenCL.framework in Frameworks */,
				81525AE517AF96C80097E79F /* OpenGL.framework in Frameworks */,
			);
			runOnlyForDeploymentPostprocessing = 0;
		};
/* End PBXFrameworksBuildPhase section */

/* Begin PBXGroup section */
		8152593917AF96100097E79F = {
			isa = PBXGroup;
			children = (
				81525AE617AF96D70097E79F /* GLUT.framework */,
				81525ADE17AF96C80097E79F /* OpenAL.framework */,
				81525ADF17AF96C80097E79F /* OpenCL.framework */,
				81525AE117AF96C80097E79F /* OpenGL.framework */,
				8152594717AF96100097E79F /* layer2 */,
				8152594517AF96100097E79F /* Products */,
			);
			sourceTree = "<group>";
		};
		8152594517AF96100097E79F /* Products */ = {
			isa = PBXGroup;
			children = (
				8152594417AF96100097E79F /* layer2 */,
			);
			name = Products;
			sourceTree = "<group>";
		};
		8152594717AF96100097E79F /* layer2 */ = {
			isa = PBXGroup;
			children = (
				8152595117AF96370097E79F /* src */,
			);
			path = layer2;
			sourceTree = "<group>";
		};
		8152595117AF96370097E79F /* src */ = {
			isa = PBXGroup;
			children = (
				8152595217AF96370097E79F /* containers */,
				8152595B17AF96370097E79F /* examples */,
				8152597617AF96370097E79F /* helpers */,
				8152597A17AF96370097E79F /* loaders */,
				8152598017AF96370097E79F /* math */,
				8152598817AF96370097E79F /* physics */,
				81525A9517AF96370097E79F /* platform */,
				81525AB217AF96370097E79F /* raytracer */,
				81525AB417AF96370097E79F /* resources */,
				81525AC217AF96370097E79F /* scene */,
				81525AD017AF96370097E79F /* shaders */,
				81525AD617AF96370097E79F /* tinyxml */,
			);
			name = src;
			path = ../../../src;
			sourceTree = "<group>";
		};
		8152595217AF96370097E79F /* containers */ = {
			isa = PBXGroup;
			children = (
				8152595317AF96370097E79F /* allocator.h */,
				8152595417AF96370097E79F /* dictionary.h */,
				8152595517AF96370097E79F /* double_list.h */,
				8152595617AF96370097E79F /* dynarray.h */,
				8152595717AF96370097E79F /* hash_map.h */,
				8152595817AF96370097E79F /* ptr.h */,
				8152595917AF96370097E79F /* ref.h */,
				8152595A17AF96370097E79F /* string.h */,
			);
			path = containers;
			sourceTree = "<group>";
		};
		8152595B17AF96370097E79F /* examples */ = {
			isa = PBXGroup;
			children = (
				8152595C17AF96370097E79F /* layer1 */,
				8152597317AF96370097E79F /* layer2 */,
			);
			path = examples;
			sourceTree = "<group>";
		};
		8152595C17AF96370097E79F /* layer1 */ = {
			isa = PBXGroup;
			children = (
				8152595D17AF96370097E79F /* bump */,
				8152595F17AF96370097E79F /* cube */,
				8152596117AF96370097E79F /* duck */,
				8152596317AF96370097E79F /* examples.h */,
				8152596417AF96370097E79F /* gif */,
				8152596617AF96370097E79F /* invaderers */,
				8152596817AF96370097E79F /* main.cpp */,
				8152596917AF96370097E79F /* physics */,
				8152596B17AF96370097E79F /* ping */,
				8152596D17AF96370097E79F /* raytrace */,
				8152596F17AF96370097E79F /* texture */,
				8152597117AF96370097E79F /* triangle */,
			);
			path = layer1;
			sourceTree = "<group>";
		};
		8152595D17AF96370097E79F /* bump */ = {
			isa = PBXGroup;
			children = (
				8152595E17AF96370097E79F /* bump_app.h */,
			);
			path = bump;
			sourceTree = "<group>";
		};
		8152595F17AF96370097E79F /* cube */ = {
			isa = PBXGroup;
			children = (
				8152596017AF96370097E79F /* cube_app.h */,
			);
			path = cube;
			sourceTree = "<group>";
		};
		8152596117AF96370097E79F /* duck */ = {
			isa = PBXGroup;
			children = (
				8152596217AF96370097E79F /* duck_app.h */,
			);
			path = duck;
			sourceTree = "<group>";
		};
		8152596417AF96370097E79F /* gif */ = {
			isa = PBXGroup;
			children = (
				8152596517AF96370097E79F /* gif_app.h */,
			);
			path = gif;
			sourceTree = "<group>";
		};
		8152596617AF96370097E79F /* invaderers */ = {
			isa = PBXGroup;
			children = (
				8152596717AF96370097E79F /* invaderers_app.h */,
			);
			path = invaderers;
			sourceTree = "<group>";
		};
		8152596917AF96370097E79F /* physics */ = {
			isa = PBXGroup;
			children = (
				8152596A17AF96370097E79F /* physics_app.h */,
			);
			path = physics;
			sourceTree = "<group>";
		};
		8152596B17AF96370097E79F /* ping */ = {
			isa = PBXGroup;
			children = (
				8152596C17AF96370097E79F /* ping_app.h */,
			);
			path = ping;
			sourceTree = "<group>";
		};
		8152596D17AF96370097E79F /* raytrace */ = {
			isa = PBXGroup;
			children = (
				8152596E17AF96370097E79F /* raytrace_app.h */,
			);
			path = raytrace;
			sourceTree = "<group>";
		};
		8152596F17AF96370097E79F /* texture */ = {
			isa = PBXGroup;
			children = (
				8152597017AF96370097E79F /* texture_app.h */,
			);
			path = texture;
			sourceTree = "<group>";
		};
		8152597117AF96370097E79F /* triangle */ = {
			isa = PBXGroup;
			children = (
				8152597217AF96370097E79F /* triangle_app.h */,
			);
			path = triangle;
			sourceTree = "<group>";
		};
		8152597317AF96370097E79F /* layer2 */ = {
			isa = PBXGroup;
			children = (
				8152597417AF96370097E79F /* engine.h */,
				8152597517AF96370097E79F /* main.cpp */,
			);
			path = layer2;
			sourceTree = "<group>";
		};
		8152597617AF96370097E79F /* helpers */ = {
			isa = PBXGroup;
			children = (
				8152597717AF96370097E79F /* http_server.h */,
				8152597817AF96370097E79F /* mouse_ball.h */,
				8152597917AF96370097E79F /* text_overlay.h */,
			);
			path = helpers;
			sourceTree = "<group>";
		};
		8152597A17AF96370097E79F /* loaders */ = {
			isa = PBXGroup;
			children = (
				8152597B17AF96370097E79F /* collada_builder.h */,
				8152597C17AF96370097E79F /* dds_decoder.h */,
				8152597D17AF96370097E79F /* gif_decoder.h */,
				8152597E17AF96370097E79F /* jpeg_decoder.h */,
				8152597F17AF96370097E79F /* tga_decoder.h */,
			);
			path = loaders;
			sourceTree = "<group>";
		};
		8152598017AF96370097E79F /* math */ = {
			isa = PBXGroup;
			children = (
				8152598117AF96370097E79F /* aabb.h */,
				8152598217AF96370097E79F /* bvec4.h */,
				8152598317AF96370097E79F /* ivec4.h */,
				8152598417AF96370097E79F /* mat4t.h */,
				8152598517AF96370097E79F /* quat.h */,
				8152598617AF96370097E79F /* random.h */,
				8152598717AF96370097E79F /* vec4.h */,
			);
			path = math;
			sourceTree = "<group>";
		};
		8152598817AF96370097E79F /* physics */ = {
			isa = PBXGroup;
			children = (
				8152598917AF96370097E79F /* btBulletCollisionCommon.h */,
				8152598A17AF96370097E79F /* btBulletDynamicsCommon.h */,
				8152598B17AF96370097E79F /* BulletCollision */,
				81525A3F17AF96370097E79F /* BulletDynamics */,
				81525A7417AF96370097E79F /* LinearMath */,
				81525A9317AF96370097E79F /* physics.h */,
				81525A9417AF96370097E79F /* physics_world.h */,
			);
			path = physics;
			sourceTree = "<group>";
		};
		8152598B17AF96370097E79F /* BulletCollision */ = {
			isa = PBXGroup;
			children = (
				8152598C17AF96370097E79F /* BroadphaseCollision */,
				815259A317AF96370097E79F /* CollisionDispatch */,
				815259D417AF96370097E79F /* CollisionShapes */,
				81525A2117AF96370097E79F /* NarrowPhaseCollision */,
			);
			path = BulletCollision;
			sourceTree = "<group>";
		};
		8152598C17AF96370097E79F /* BroadphaseCollision */ = {
			isa = PBXGroup;
			children = (
				8152598D17AF96370097E79F /* btAxisSweep3.cpp */,
				8152598E17AF96370097E79F /* btAxisSweep3.h */,
				8152598F17AF96370097E79F /* btBroadphaseInterface.h */,
				8152599017AF96370097E79F /* btBroadphaseProxy.cpp */,
				8152599117AF96370097E79F /* btBroadphaseProxy.h */,
				8152599217AF96370097E79F /* btCollisionAlgorithm.cpp */,
				8152599317AF96370097E79F /* btCollisionAlgorithm.h */,
				8152599417AF96370097E79F /* btDbvt.cpp */,
				8152599517AF96370097E79F /* btDbvt.h */,
				8152599617AF96370097E79F /* btDbvtBroadphase.cpp */,
				8152599717AF96370097E79F /* btDbvtBroadphase.h */,
				8152599817AF96370097E79F /* btDispatcher.cpp */,
				8152599917AF96370097E79F /* btDispatcher.h */,
				8152599A17AF96370097E79F /* btMultiSapBroadphase.cpp */,
				8152599B17AF96370097E79F /* btMultiSapBroadphase.h */,
				8152599C17AF96370097E79F /* btOverlappingPairCache.cpp */,
				8152599D17AF96370097E79F /* btOverlappingPairCache.h */,
				8152599E17AF96370097E79F /* btOverlappingPairCallback.h */,
				8152599F17AF96370097E79F /* btQuantizedBvh.cpp */,
				815259A017AF96370097E79F /* btQuantizedBvh.h */,
				815259A117AF96370097E79F /* btSimpleBroadphase.cpp */,
				815259A217AF96370097E79F /* btSimpleBroadphase.h */,
			);
			path = BroadphaseCollision;
			sourceTree = "<group>";
		};
		815259A317AF96370097E79F /* CollisionDispatch */ = {
			isa = PBXGroup;
			children = (
				815259A417AF96370097E79F /* btActivatingCollisionAlgorithm.cpp */,
				815259A517AF96370097E79F /* btActivatingCollisionAlgorithm.h */,
				815259A617AF96370097E79F /* btBox2dBox2dCollisionAlgorithm.cpp */,
				815259A717AF96370097E79F /* btBox2dBox2dCollisionAlgorithm.h */,
				815259A817AF96370097E79F /* btBoxBoxCollisionAlgorithm.cpp */,
				815259A917AF96370097E79F /* btBoxBoxCollisionAlgorithm.h */,
				815259AA17AF96370097E79F /* btBoxBoxDetector.cpp */,
				815259AB17AF96370097E79F /* btBoxBoxDetector.h */,
				815259AC17AF96370097E79F /* btCollisionConfiguration.h */,
				815259AD17AF96370097E79F /* btCollisionCreateFunc.h */,
				815259AE17AF96370097E79F /* btCollisionDispatcher.cpp */,
				815259AF17AF96370097E79F /* btCollisionDispatcher.h */,
				815259B017AF96370097E79F /* btCollisionObject.cpp */,
				815259B117AF96370097E79F /* btCollisionObject.h */,
				815259B217AF96370097E79F /* btCollisionWorld.cpp */,
				815259B317AF96370097E79F /* btCollisionWorld.h */,
				815259B417AF96370097E79F /* btCompoundCollisionAlgorithm.cpp */,
				815259B517AF96370097E79F /* btCompoundCollisionAlgorithm.h */,
				815259B617AF96370097E79F /* btConvex2dConvex2dAlgorithm.cpp */,
				815259B717AF96370097E79F /* btConvex2dConvex2dAlgorithm.h */,
				815259B817AF96370097E79F /* btConvexConcaveCollisionAlgorithm.cpp */,
				815259B917AF96370097E79F /* btConvexConcaveCollisionAlgorithm.h */,
				815259BA17AF96370097E79F /* btConvexConvexAlgorithm.cpp */,
				815259BB17AF96370097E79F /* btConvexConvexAlgorithm.h */,
				815259BC17AF96370097E79F /* btConvexPlaneCollisionAlgorithm.cpp */,
				815259BD17AF96370097E79F /* btConvexPlaneCollisionAlgorithm.h */,
				815259BE17AF96370097E79F /* btDefaultCollisionConfiguration.cpp */,
				815259BF17AF96370097E79F /* btDefaultCollisionConfiguration.h */,
				815259C017AF96370097E79F /* btEmptyCollisionAlgorithm.cpp */,
				815259C117AF96370097E79F /* btEmptyCollisionAlgorithm.h */,
				815259C217AF96370097E79F /* btGhostObject.cpp */,
				815259C317AF96370097E79F /* btGhostObject.h */,
				815259C417AF96370097E79F /* btInternalEdgeUtility.cpp */,
				815259C517AF96370097E79F /* btInternalEdgeUtility.h */,
				815259C617AF96370097E79F /* btManifoldResult.cpp */,
				815259C717AF96370097E79F /* btManifoldResult.h */,
				815259C817AF96370097E79F /* btSimulationIslandManager.cpp */,
				815259C917AF96370097E79F /* btSimulationIslandManager.h */,
				815259CA17AF96370097E79F /* btSphereBoxCollisionAlgorithm.cpp */,
				815259CB17AF96370097E79F /* btSphereBoxCollisionAlgorithm.h */,
				815259CC17AF96370097E79F /* btSphereSphereCollisionAlgorithm.cpp */,
				815259CD17AF96370097E79F /* btSphereSphereCollisionAlgorithm.h */,
				815259CE17AF96370097E79F /* btSphereTriangleCollisionAlgorithm.cpp */,
				815259CF17AF96370097E79F /* btSphereTriangleCollisionAlgorithm.h */,
				815259D017AF96370097E79F /* btUnionFind.cpp */,
				815259D117AF96370097E79F /* btUnionFind.h */,
				815259D217AF96370097E79F /* SphereTriangleDetector.cpp */,
				815259D317AF96370097E79F /* SphereTriangleDetector.h */,
			);
			path = CollisionDispatch;
			sourceTree = "<group>";
		};
		815259D417AF96370097E79F /* CollisionShapes */ = {
			isa = PBXGroup;
			children = (
				815259D517AF96370097E79F /* btBox2dShape.cpp */,
				815259D617AF96370097E79F /* btBox2dShape.h */,
				815259D717AF96370097E79F /* btBoxShape.cpp */,
				815259D817AF96370097E79F /* btBoxShape.h */,
				815259D917AF96370097E79F /* btBvhTriangleMeshShape.cpp */,
				815259DA17AF96370097E79F /* btBvhTriangleMeshShape.h */,
				815259DB17AF96370097E79F /* btCapsuleShape.cpp */,
				815259DC17AF96370097E79F /* btCapsuleShape.h */,
				815259DD17AF96370097E79F /* btCollisionMargin.h */,
				815259DE17AF96370097E79F /* btCollisionShape.cpp */,
				815259DF17AF96370097E79F /* btCollisionShape.h */,
				815259E017AF96370097E79F /* btCompoundShape.cpp */,
				815259E117AF96370097E79F /* btCompoundShape.h */,
				815259E217AF96370097E79F /* btConcaveShape.cpp */,
				815259E317AF96370097E79F /* btConcaveShape.h */,
				815259E417AF96370097E79F /* btConeShape.cpp */,
				815259E517AF96370097E79F /* btConeShape.h */,
				815259E617AF96370097E79F /* btConvex2dShape.cpp */,
				815259E717AF96370097E79F /* btConvex2dShape.h */,
				815259E817AF96370097E79F /* btConvexHullShape.cpp */,
				815259E917AF96370097E79F /* btConvexHullShape.h */,
				815259EA17AF96370097E79F /* btConvexInternalShape.cpp */,
				815259EB17AF96370097E79F /* btConvexInternalShape.h */,
				815259EC17AF96370097E79F /* btConvexPointCloudShape.cpp */,
				815259ED17AF96370097E79F /* btConvexPointCloudShape.h */,
				815259EE17AF96370097E79F /* btConvexPolyhedron.cpp */,
				815259EF17AF96370097E79F /* btConvexPolyhedron.h */,
				815259F017AF96370097E79F /* btConvexShape.cpp */,
				815259F117AF96370097E79F /* btConvexShape.h */,
				815259F217AF96370097E79F /* btConvexTriangleMeshShape.cpp */,
				815259F317AF96370097E79F /* btConvexTriangleMeshShape.h */,
				815259F417AF96370097E79F /* btCylinderShape.cpp */,
				815259F517AF96370097E79F /* btCylinderShape.h */,
				815259F617AF96370097E79F /* btEmptyShape.cpp */,
				815259F717AF96370097E79F /* btEmptyShape.h */,
				815259F817AF96370097E79F /* btHeightfieldTerrainShape.cpp */,
				815259F917AF96370097E79F /* btHeightfieldTerrainShape.h */,
				815259FA17AF96370097E79F /* btMaterial.h */,
				815259FB17AF96370097E79F /* btMinkowskiSumShape.cpp */,
				815259FC17AF96370097E79F /* btMinkowskiSumShape.h */,
				815259FD17AF96370097E79F /* btMultimaterialTriangleMeshShape.cpp */,
				815259FE17AF96370097E79F /* btMultimaterialTriangleMeshShape.h */,
				815259FF17AF96370097E79F /* btMultiSphereShape.cpp */,
				81525A0017AF96370097E79F /* btMultiSphereShape.h */,
				81525A0117AF96370097E79F /* btOptimizedBvh.cpp */,
				81525A0217AF96370097E79F /* btOptimizedBvh.h */,
				81525A0317AF96370097E79F /* btPolyhedralConvexShape.cpp */,
				81525A0417AF96370097E79F /* btPolyhedralConvexShape.h */,
				81525A0517AF96370097E79F /* btScaledBvhTriangleMeshShape.cpp */,
				81525A0617AF96370097E79F /* btScaledBvhTriangleMeshShape.h */,
				81525A0717AF96370097E79F /* btShapeHull.cpp */,
				81525A0817AF96370097E79F /* btShapeHull.h */,
				81525A0917AF96370097E79F /* btSphereShape.cpp */,
				81525A0A17AF96370097E79F /* btSphereShape.h */,
				81525A0B17AF96370097E79F /* btStaticPlaneShape.cpp */,
				81525A0C17AF96370097E79F /* btStaticPlaneShape.h */,
				81525A0D17AF96370097E79F /* btStridingMeshInterface.cpp */,
				81525A0E17AF96370097E79F /* btStridingMeshInterface.h */,
				81525A0F17AF96370097E79F /* btTetrahedronShape.cpp */,
				81525A1017AF96370097E79F /* btTetrahedronShape.h */,
				81525A1117AF96370097E79F /* btTriangleBuffer.cpp */,
				81525A1217AF96370097E79F /* btTriangleBuffer.h */,
				81525A1317AF96370097E79F /* btTriangleCallback.cpp */,
				81525A1417AF96370097E79F /* btTriangleCallback.h */,
				81525A1517AF96370097E79F /* btTriangleIndexVertexArray.cpp */,
				81525A1617AF96370097E79F /* btTriangleIndexVertexArray.h */,
				81525A1717AF96370097E79F /* btTriangleIndexVertexMaterialArray.cpp */,
				81525A1817AF96370097E79F /* btTriangleIndexVertexMaterialArray.h */,
				81525A1917AF96370097E79F /* btTriangleInfoMap.h */,
				81525A1A17AF96370097E79F /* btTriangleMesh.cpp */,
				81525A1B17AF96370097E79F /* btTriangleMesh.h */,
				81525A1C17AF96370097E79F /* btTriangleMeshShape.cpp */,
				81525A1D17AF96370097E79F /* btTriangleMeshShape.h */,
				81525A1E17AF96370097E79F /* btTriangleShape.h */,
				81525A1F17AF96370097E79F /* btUniformScalingShape.cpp */,
				81525A2017AF96370097E79F /* btUniformScalingShape.h */,
			);
			path = CollisionShapes;
			sourceTree = "<group>";
		};
		81525A2117AF96370097E79F /* NarrowPhaseCollision */ = {
			isa = PBXGroup;
			children = (
				81525A2217AF96370097E79F /* btContinuousConvexCollision.cpp */,
				81525A2317AF96370097E79F /* btContinuousConvexCollision.h */,
				81525A2417AF96370097E79F /* btConvexCast.cpp */,
				81525A2517AF96370097E79F /* btConvexCast.h */,
				81525A2617AF96370097E79F /* btConvexPenetrationDepthSolver.h */,
				81525A2717AF96370097E79F /* btDiscreteCollisionDetectorInterface.h */,
				81525A2817AF96370097E79F /* btGjkConvexCast.cpp */,
				81525A2917AF96370097E79F /* btGjkConvexCast.h */,
				81525A2A17AF96370097E79F /* btGjkEpa2.cpp */,
				81525A2B17AF96370097E79F /* btGjkEpa2.h */,
				81525A2C17AF96370097E79F /* btGjkEpaPenetrationDepthSolver.cpp */,
				81525A2D17AF96370097E79F /* btGjkEpaPenetrationDepthSolver.h */,
				81525A2E17AF96370097E79F /* btGjkPairDetector.cpp */,
				81525A2F17AF96370097E79F /* btGjkPairDetector.h */,
				81525A3017AF96370097E79F /* btManifoldPoint.h */,
				81525A3117AF96370097E79F /* btMinkowskiPenetrationDepthSolver.cpp */,
				81525A3217AF96370097E79F /* btMinkowskiPenetrationDepthSolver.h */,
				81525A3317AF96370097E79F /* btPersistentManifold.cpp */,
				81525A3417AF96370097E79F /* btPersistentManifold.h */,
				81525A3517AF96370097E79F /* btPointCollector.h */,
				81525A3617AF96370097E79F /* btPolyhedralContactClipping.cpp */,
				81525A3717AF96370097E79F /* btPolyhedralContactClipping.h */,
				81525A3817AF96370097E79F /* btRaycastCallback.cpp */,
				81525A3917AF96370097E79F /* btRaycastCallback.h */,
				81525A3A17AF96370097E79F /* btSimplexSolverInterface.h */,
				81525A3B17AF96370097E79F /* btSubSimplexConvexCast.cpp */,
				81525A3C17AF96370097E79F /* btSubSimplexConvexCast.h */,
				81525A3D17AF96370097E79F /* btVoronoiSimplexSolver.cpp */,
				81525A3E17AF96370097E79F /* btVoronoiSimplexSolver.h */,
			);
			path = NarrowPhaseCollision;
			sourceTree = "<group>";
		};
		81525A3F17AF96370097E79F /* BulletDynamics */ = {
			isa = PBXGroup;
			children = (
				81525A4017AF96370097E79F /* Character */,
				81525A4417AF96370097E79F /* ConstraintSolver */,
				81525A6217AF96370097E79F /* Dynamics */,
				81525A6E17AF96370097E79F /* Vehicle */,
			);
			path = BulletDynamics;
			sourceTree = "<group>";
		};
		81525A4017AF96370097E79F /* Character */ = {
			isa = PBXGroup;
			children = (
				81525A4117AF96370097E79F /* btCharacterControllerInterface.h */,
				81525A4217AF96370097E79F /* btKinematicCharacterController.cpp */,
				81525A4317AF96370097E79F /* btKinematicCharacterController.h */,
			);
			path = Character;
			sourceTree = "<group>";
		};
		81525A4417AF96370097E79F /* ConstraintSolver */ = {
			isa = PBXGroup;
			children = (
				81525A4517AF96370097E79F /* btConeTwistConstraint.cpp */,
				81525A4617AF96370097E79F /* btConeTwistConstraint.h */,
				81525A4717AF96370097E79F /* btConstraintSolver.h */,
				81525A4817AF96370097E79F /* btContactConstraint.cpp */,
				81525A4917AF96370097E79F /* btContactConstraint.h */,
				81525A4A17AF96370097E79F /* btContactSolverInfo.h */,
				81525A4B17AF96370097E79F /* btGeneric6DofConstraint.cpp */,
				81525A4C17AF96370097E79F /* btGeneric6DofConstraint.h */,
				81525A4D17AF96370097E79F /* btGeneric6DofSpringConstraint.cpp */,
				81525A4E17AF96370097E79F /* btGeneric6DofSpringConstraint.h */,
				81525A4F17AF96370097E79F /* btHinge2Constraint.cpp */,
				81525A5017AF96370097E79F /* btHinge2Constraint.h */,
				81525A5117AF96370097E79F /* btHingeConstraint.cpp */,
				81525A5217AF96370097E79F /* btHingeConstraint.h */,
				81525A5317AF96370097E79F /* btJacobianEntry.h */,
				81525A5417AF96370097E79F /* btPoint2PointConstraint.cpp */,
				81525A5517AF96370097E79F /* btPoint2PointConstraint.h */,
				81525A5617AF96370097E79F /* btSequentialImpulseConstraintSolver.cpp */,
				81525A5717AF96370097E79F /* btSequentialImpulseConstraintSolver.h */,
				81525A5817AF96370097E79F /* btSliderConstraint.cpp */,
				81525A5917AF96370097E79F /* btSliderConstraint.h */,
				81525A5A17AF96370097E79F /* btSolve2LinearConstraint.cpp */,
				81525A5B17AF96370097E79F /* btSolve2LinearConstraint.h */,
				81525A5C17AF96370097E79F /* btSolverBody.h */,
				81525A5D17AF96370097E79F /* btSolverConstraint.h */,
				81525A5E17AF96370097E79F /* btTypedConstraint.cpp */,
				81525A5F17AF96370097E79F /* btTypedConstraint.h */,
				81525A6017AF96370097E79F /* btUniversalConstraint.cpp */,
				81525A6117AF96370097E79F /* btUniversalConstraint.h */,
			);
			path = ConstraintSolver;
			sourceTree = "<group>";
		};
		81525A6217AF96370097E79F /* Dynamics */ = {
			isa = PBXGroup;
			children = (
				81525A6317AF96370097E79F /* btActionInterface.h */,
				81525A6417AF96370097E79F /* btContinuousDynamicsWorld.cpp */,
				81525A6517AF96370097E79F /* btContinuousDynamicsWorld.h */,
				81525A6617AF96370097E79F /* btDiscreteDynamicsWorld.cpp */,
				81525A6717AF96370097E79F /* btDiscreteDynamicsWorld.h */,
				81525A6817AF96370097E79F /* btDynamicsWorld.h */,
				81525A6917AF96370097E79F /* btRigidBody.cpp */,
				81525A6A17AF96370097E79F /* btRigidBody.h */,
				81525A6B17AF96370097E79F /* btSimpleDynamicsWorld.cpp */,
				81525A6C17AF96370097E79F /* btSimpleDynamicsWorld.h */,
				81525A6D17AF96370097E79F /* Bullet-C-API.cpp */,
			);
			path = Dynamics;
			sourceTree = "<group>";
		};
		81525A6E17AF96370097E79F /* Vehicle */ = {
			isa = PBXGroup;
			children = (
				81525A6F17AF96370097E79F /* btRaycastVehicle.cpp */,
				81525A7017AF96370097E79F /* btRaycastVehicle.h */,
				81525A7117AF96370097E79F /* btVehicleRaycaster.h */,
				81525A7217AF96370097E79F /* btWheelInfo.cpp */,
				81525A7317AF96370097E79F /* btWheelInfo.h */,
			);
			path = Vehicle;
			sourceTree = "<group>";
		};
		81525A7417AF96370097E79F /* LinearMath */ = {
			isa = PBXGroup;
			children = (
				81525A7517AF96370097E79F /* btAabbUtil2.h */,
				81525A7617AF96370097E79F /* btAlignedAllocator.cpp */,
				81525A7717AF96370097E79F /* btAlignedAllocator.h */,
				81525A7817AF96370097E79F /* btAlignedObjectArray.h */,
				81525A7917AF96370097E79F /* btConvexHull.cpp */,
				81525A7A17AF96370097E79F /* btConvexHull.h */,
				81525A7B17AF96370097E79F /* btConvexHullComputer.cpp */,
				81525A7C17AF96370097E79F /* btConvexHullComputer.h */,
				81525A7D17AF96370097E79F /* btDefaultMotionState.h */,
				81525A7E17AF96370097E79F /* btGeometryUtil.cpp */,
				81525A7F17AF96370097E79F /* btGeometryUtil.h */,
				81525A8017AF96370097E79F /* btHashMap.h */,
				81525A8117AF96370097E79F /* btIDebugDraw.h */,
				81525A8217AF96370097E79F /* btList.h */,
				81525A8317AF96370097E79F /* btMatrix3x3.h */,
				81525A8417AF96370097E79F /* btMinMax.h */,
				81525A8517AF96370097E79F /* btMotionState.h */,
				81525A8617AF96370097E79F /* btPoolAllocator.h */,
				81525A8717AF96370097E79F /* btQuadWord.h */,
				81525A8817AF96370097E79F /* btQuaternion.h */,
				81525A8917AF96370097E79F /* btQuickprof.cpp */,
				81525A8A17AF96370097E79F /* btQuickprof.h */,
				81525A8B17AF96370097E79F /* btRandom.h */,
				81525A8C17AF96370097E79F /* btScalar.h */,
				81525A8D17AF96370097E79F /* btSerializer.cpp */,
				81525A8E17AF96370097E79F /* btSerializer.h */,
				81525A8F17AF96370097E79F /* btStackAlloc.h */,
				81525A9017AF96370097E79F /* btTransform.h */,
				81525A9117AF96370097E79F /* btTransformUtil.h */,
				81525A9217AF96370097E79F /* btVector3.h */,
			);
			path = LinearMath;
			sourceTree = "<group>";
		};
		81525A9517AF96370097E79F /* platform */ = {
			isa = PBXGroup;
			children = (
				81525A9617AF96370097E79F /* AL */,
				81525A9D17AF96370097E79F /* app_common.h */,
				81525A9E17AF96370097E79F /* CL */,
				81525AA817AF96370097E79F /* GL */,
				81525AAD17AF96370097E79F /* gl_defs.h */,
				81525AAE17AF96370097E79F /* glut_specific.h */,
				81525AAF17AF96370097E79F /* osx_specific.h */,
				81525AB017AF96370097E79F /* platform.h */,
				81525AB117AF96370097E79F /* windows_specific.h */,
			);
			path = platform;
			sourceTree = "<group>";
		};
		81525A9617AF96370097E79F /* AL */ = {
			isa = PBXGroup;
			children = (
				81525A9717AF96370097E79F /* al.h */,
				81525A9817AF96370097E79F /* alc.h */,
				81525A9917AF96370097E79F /* efx-creative.h */,
				81525A9A17AF96370097E79F /* EFX-Util.h */,
				81525A9B17AF96370097E79F /* efx.h */,
				81525A9C17AF96370097E79F /* xram.h */,
			);
			path = AL;
			sourceTree = "<group>";
		};
		81525A9E17AF96370097E79F /* CL */ = {
			isa = PBXGroup;
			children = (
				81525A9F17AF96370097E79F /* cl.h */,
				81525AA017AF96370097E79F /* cl_d3d10_ext.h */,
				81525AA117AF96370097E79F /* cl_d3d11_ext.h */,
				81525AA217AF96370097E79F /* cl_d3d9_ext.h */,
				81525AA317AF96370097E79F /* cl_ext.h */,
				81525AA417AF96370097E79F /* cl_gl.h */,
				81525AA517AF96370097E79F /* cl_gl_ext.h */,
				81525AA617AF96370097E79F /* cl_platform.h */,
				81525AA717AF96370097E79F /* opencl.h */,
			);
			path = CL;
			sourceTree = "<group>";
		};
		81525AA817AF96370097E79F /* GL */ = {
			isa = PBXGroup;
			children = (
				81525AA917AF96370097E79F /* freeglut.h */,
				81525AAA17AF96370097E79F /* freeglut_ext.h */,
				81525AAB17AF96370097E79F /* freeglut_std.h */,
				81525AAC17AF96370097E79F /* glut.h */,
			);
			path = GL;
			sourceTree = "<group>";
		};
		81525AB217AF96370097E79F /* raytracer */ = {
			isa = PBXGroup;
			children = (
				81525AB317AF96370097E79F /* raytracer.h */,
			);
			path = raytracer;
			sourceTree = "<group>";
		};
		81525AB417AF96370097E79F /* resources */ = {
			isa = PBXGroup;
			children = (
				81525AB517AF96370097E79F /* animation_target.h */,
				81525AB617AF96370097E79F /* app_utils.h */,
				81525AB717AF96370097E79F /* atoms.h */,
				81525AB817AF96370097E79F /* gl_resource.h */,
				81525AB917AF96370097E79F /* http_writer.h */,
				81525ABA17AF96370097E79F /* mesh_builder.h */,
				81525ABB17AF96370097E79F /* mesh_builder.inl */,
				81525ABC17AF96370097E79F /* resource.h */,
				81525ABD17AF96370097E79F /* resources.h */,
				81525ABE17AF96370097E79F /* resources.inl */,
				81525ABF17AF96370097E79F /* url_finder.h */,
				81525AC017AF96370097E79F /* visitor.h */,
				81525AC117AF96370097E79F /* xml_writer.h */,
			);
			path = resources;
			sourceTree = "<group>";
		};
		81525AC217AF96370097E79F /* scene */ = {
			isa = PBXGroup;
			children = (
				81525AC317AF96370097E79F /* animation.h */,
				81525AC417AF96370097E79F /* animation_instance.h */,
				81525AC517AF96370097E79F /* camera_instance.h */,
				81525AC617AF96370097E79F /* image.h */,
				81525AC717AF96370097E79F /* light_instance.h */,
				81525AC817AF96370097E79F /* material.h */,
				81525AC917AF96370097E79F /* mesh.h */,
				81525ACA17AF96370097E79F /* mesh_instance.h */,
				81525ACB17AF96370097E79F /* param.h */,
				81525ACC17AF96370097E79F /* scene.h */,
				81525ACD17AF96370097E79F /* scene_node.h */,
				81525ACE17AF96370097E79F /* skeleton.h */,
				81525ACF17AF96370097E79F /* skin.h */,
			);
			path = scene;
			sourceTree = "<group>";
		};
		81525AD017AF96370097E79F /* shaders */ = {
			isa = PBXGroup;
			children = (
				81525AD117AF96370097E79F /* bump_shader.h */,
				81525AD217AF96370097E79F /* color_shader.h */,
				81525AD317AF96370097E79F /* phong_shader.h */,
				81525AD417AF96370097E79F /* shader.h */,
				81525AD517AF96370097E79F /* texture_shader.h */,
			);
			path = shaders;
			sourceTree = "<group>";
		};
		81525AD617AF96370097E79F /* tinyxml */ = {
			isa = PBXGroup;
			children = (
				81525AD717AF96370097E79F /* tinystr.cpp */,
				81525AD817AF96370097E79F /* tinystr.h */,
				81525AD917AF96370097E79F /* tinyxml.cpp */,
				81525ADA17AF96370097E79F /* tinyxml.h */,
				81525ADB17AF96370097E79F /* tinyxmlerror.cpp */,
				81525ADC17AF96370097E79F /* tinyxmlparser.cpp */,
			);
			path = tinyxml;
			sourceTree = "<group>";
		};
/* End PBXGroup section */

/* Begin PBXNativeTarget section */
		8152594317AF96100097E79F /* layer2 */ = {
			isa = PBXNativeTarget;
			buildConfigurationList = 8152594E17AF96100097E79F /* Build configuration list for PBXNativeTarget "layer2" */;
			buildPhases = (
				8152594017AF96100097E79F /* Sources */,
				8152594117AF96100097E79F /* Frameworks */,
				8152594217AF96100097E79F /* CopyFiles */,
			);
			buildRules = (
			);
			dependencies = (
			);
			name = layer2;
			productName = layer2;
			productReference = 8152594417AF96100097E79F /* layer2 */;
			productType = "com.apple.product-type.tool";
		};
/* End PBXNativeTarget section */

/* Begin PBXProject section */
		8152593B17AF96100097E79F /* Project object */ = {
			isa = PBXProject;
			attributes = {
				LastUpgradeCheck = 0450;
				ORGANIZATIONNAME = "Andy Thomason";
			};
			buildConfigurationList = 8152593E17AF96100097E79F /* Build configuration list for PBXProject "layer2" */;
			compatibilityVersion = "Xcode 3.2";
			developmentRegion = English;
			hasScannedForEncodings = 0;
			knownRegions = (
				en,
			);
			mainGroup = 8152593917AF96100097E79F;
			productRefGroup = 8152594517AF96100097E79F /* Products */;
			projectDirPath = "";
			projectRoot = "";
			targets = (
				8152594317AF96100097E79F /* layer2 */,
			);
		};
/* End PBXProject section */

/* Begin PBXSourcesBuildPhase section */
		8152594017AF96100097E79F /* Sources */ = {
			isa = PBXSourcesBuildPhase;
			buildActionMask = 2147483647;
			files = (
				81525ADD17AF964C0097E79F /* main.cpp in Sources */,
			);
			runOnlyForDeploymentPostprocessing = 0;
		};
/* End PBXSourcesBuildPhase section */

/* Begin XCBuildConfiguration section */
		8152594C17AF96100097E79F /* Debug */ = {
			isa = XCBuildConfiguration;
			buildSettings = {
				ALWAYS_SEARCH_USER_PATHS = NO;
				ARCHS = "$(ARCHS_STANDARD_64_BIT)";
				CLANG_CXX_LANGUAGE_STANDARD = "gnu++0x";
				CLANG_CXX_LIBRARY = "libc++";
				CLANG_WARN_EMPTY_BODY = YES;
				CLANG_WARN__DUPLICATE_METHOD_MATCH = YES;
				COPY_PHASE_STRIP = NO;
				GCC_C_LANGUAGE_STANDARD = gnu99;
				GCC_DYNAMIC_NO_PIC = NO;
				GCC_ENABLE_OBJC_EXCEPTIONS = YES;
				GCC_OPTIMIZATION_LEVEL = 0;
				GCC_PREPROCESSOR_DEFINITIONS = (
					"DEBUG=1",
					"$(inherited)",
				);
				GCC_SYMBOLS_PRIVATE_EXTERN = NO;
				GCC_WARN_64_TO_32_BIT_CONVERSION = YES;
				GCC_WARN_ABOUT_RETURN_TYPE = YES;
				GCC_WARN_UNINITIALIZED_AUTOS = YES;
				GCC_WARN_UNUSED_VARIABLE = YES;
				MACOSX_DEPLOYMENT_TARGET = 10.7;
				ONLY_ACTIVE_ARCH = YES;
				SDKROOT = macosx;
			};
			name = Debug;
		};
		8152594D17AF96100097E79F /* Release */ = {
			isa = XCBuildConfiguration;
			buildSettings = {
				ALWAYS_SEARCH_USER_PATHS = NO;
				ARCHS = "$(ARCHS_STANDARD_64_BIT)";
				CLANG_CXX_LANGUAGE_STANDARD = "gnu++0x";
				CLANG_CXX_LIBRARY = "libc++";
				CLANG_WARN_EMPTY_BODY = YES;
				CLANG_WARN__DUPLICATE_METHOD_MATCH = YES;
				COPY_PHASE_STRIP = YES;
				DEBUG_INFORMATION_FORMAT = "dwarf-with-dsym";
				GCC_C_LANGUAGE_STANDARD = gnu99;
				GCC_ENABLE_OBJC_EXCEPTIONS = YES;
				GCC_WARN_64_TO_32_BIT_CONVERSION = YES;
				GCC_WARN_ABOUT_RETURN_TYPE = YES;
				GCC_WARN_UNINITIALIZED_AUTOS = YES;
				GCC_WARN_UNUSED_VARIABLE = YES;
				MACOSX_DEPLOYMENT_TARGET = 10.7;
				SDKROOT = macosx;
			};
			name = Release;
		};
		8152594F17AF96100097E79F /* Debug */ = {
			isa = XCBuildConfiguration;
			buildSettings = {
				"HEADER_SEARCH_PATHS[arch=*]" = ../../src/physics;
				PRODUCT_NAME = "$(TARGET_NAME)";
			};
			name = Debug;
		};
		8152595017AF96100097E79F /* Release */ = {
			isa = XCBuildConfiguration;
			buildSettings = {
				"HEADER_SEARCH_PATHS[arch=*]" = ../../src/physics;
				PRODUCT_NAME = "$(TARGET_NAME)";
			};
			name = Release;
		};
/* End XCBuildConfiguration section */

/* Begin XCConfigurationList section */
		8152593E17AF96100097E79F /* Build configuration list for PBXProject "layer2" */ = {
			isa = XCConfigurationList;
			buildConfigurations = (
				8152594C17AF96100097E79F /* Debug */,
				8152594D17AF96100097E79F /* Release */,
			);
			defaultConfigurationIsVisible = 0;
			defaultConfigurationName = Release;
		};
		8152594E17AF96100097E79F /* Build configuration list for PBXNativeTarget "layer2" */ = {
			isa = XCConfigurationList;
			buildConfigurations = (
				8152594F17AF96100097E79F /* Debug */,
				8152595017AF96100097E79F /* Release */,
			);
			defaultConfigurationIsVisible = 0;
		};
/* End XCConfigurationList section */
	};
	rootObject = 8152593B17AF96100097E79F /* Project object */;
}
