// !$*UTF8*$!
{
	archiveVersion = 1;
	classes = {
	};
	objectVersion = 46;
	objects = {

/* Begin PBXBuildFile section */
		8421CD2518BCDAD100180927 /* main.cpp in Sources */ = {isa = PBXBuildFile; fileRef = 8421CD2418BCDAD100180927 /* main.cpp */; };
		8421CD2718BCDCBA00180927 /* OpenGL.framework in Frameworks */ = {isa = PBXBuildFile; fileRef = 8421CD2618BCDCBA00180927 /* OpenGL.framework */; };
		8421CD2918BCDCC200180927 /* OpenAL.framework in Frameworks */ = {isa = PBXBuildFile; fileRef = 8421CD2818BCDCC200180927 /* OpenAL.framework */; };
		8421CD2B18BCDCD700180927 /* GLUT.framework in Frameworks */ = {isa = PBXBuildFile; fileRef = 8421CD2A18BCDCD700180927 /* GLUT.framework */; };
/* End PBXBuildFile section */

/* Begin PBXCopyFilesBuildPhase section */
		84609E6618BCA0D7005456E4 /* CopyFiles */ = {
			isa = PBXCopyFilesBuildPhase;
			buildActionMask = 2147483647;
			dstPath = /usr/share/man/man1/;
			dstSubfolderSpec = 0;
			files = (
			);
			runOnlyForDeploymentPostprocessing = 1;
		};
/* End PBXCopyFilesBuildPhase section */

/* Begin PBXFileReference section */
		8421CD1D18BCDAD100180927 /* example_duck.h */ = {isa = PBXFileReference; fileEncoding = 4; lastKnownFileType = sourcecode.c.h; path = example_duck.h; sourceTree = "<group>"; };
		8421CD2418BCDAD100180927 /* main.cpp */ = {isa = PBXFileReference; fileEncoding = 4; lastKnownFileType = sourcecode.cpp.cpp; path = main.cpp; sourceTree = "<group>"; };
		8421CD2618BCDCBA00180927 /* OpenGL.framework */ = {isa = PBXFileReference; lastKnownFileType = wrapper.framework; name = OpenGL.framework; path = System/Library/Frameworks/OpenGL.framework; sourceTree = SDKROOT; };
		8421CD2818BCDCC200180927 /* OpenAL.framework */ = {isa = PBXFileReference; lastKnownFileType = wrapper.framework; name = OpenAL.framework; path = System/Library/Frameworks/OpenAL.framework; sourceTree = SDKROOT; };
		8421CD2A18BCDCD700180927 /* GLUT.framework */ = {isa = PBXFileReference; lastKnownFileType = wrapper.framework; name = GLUT.framework; path = System/Library/Frameworks/GLUT.framework; sourceTree = SDKROOT; };
		84609E6818BCA0D7005456E4 /* example_duck */ = {isa = PBXFileReference; explicitFileType = "compiled.mach-o.executable"; includeInIndex = 0; path = example_duck; sourceTree = BUILT_PRODUCTS_DIR; };
/* End PBXFileReference section */

/* Begin PBXFrameworksBuildPhase section */
		84609E6518BCA0D7005456E4 /* Frameworks */ = {
			isa = PBXFrameworksBuildPhase;
			buildActionMask = 2147483647;
			files = (
				8421CD2B18BCDCD700180927 /* GLUT.framework in Frameworks */,
				8421CD2918BCDCC200180927 /* OpenAL.framework in Frameworks */,
				8421CD2718BCDCBA00180927 /* OpenGL.framework in Frameworks */,
			);
			runOnlyForDeploymentPostprocessing = 0;
		};
/* End PBXFrameworksBuildPhase section */

/* Begin PBXGroup section */
		8421CD1C18BCDAD100180927 /* example_duck */ = {
			isa = PBXGroup;
			children = (
				8421CD1D18BCDAD100180927 /* example_duck.h */,
				8421CD2418BCDAD100180927 /* main.cpp */,
			);
			name = example_duck;
			sourceTree = "<group>";
		};
		84609E5D18BCA0D7005456E4 = {
			isa = PBXGroup;
			children = (
				8421CD2A18BCDCD700180927 /* GLUT.framework */,
				8421CD2818BCDCC200180927 /* OpenAL.framework */,
				8421CD2618BCDCBA00180927 /* OpenGL.framework */,
				84609E6918BCA0D7005456E4 /* Products */,
				8421CD1C18BCDAD100180927 /* example_duck */,
			);
			sourceTree = "<group>";
		};
		84609E6918BCA0D7005456E4 /* Products */ = {
			isa = PBXGroup;
			children = (
				84609E6818BCA0D7005456E4 /* example_duck */,
			);
			name = Products;
			sourceTree = "<group>";
		};
/* End PBXGroup section */

/* Begin PBXNativeTarget section */
		84609E6718BCA0D7005456E4 /* example_duck */ = {
			isa = PBXNativeTarget;
			buildConfigurationList = 84609E7218BCA0D7005456E4 /* Build configuration list for PBXNativeTarget "example_duck" */;
			buildPhases = (
				84609E6418BCA0D7005456E4 /* Sources */,
				84609E6518BCA0D7005456E4 /* Frameworks */,
				84609E6618BCA0D7005456E4 /* CopyFiles */,
			);
			buildRules = (
			);
			dependencies = (
			);
			name = example_duck;
			productName = example_duck;
			productReference = 84609E6818BCA0D7005456E4 /* example_duck */;
			productType = "com.apple.product-type.tool";
		};
/* End PBXNativeTarget section */

/* Begin PBXProject section */
		84609E5F18BCA0D7005456E4 /* Project object */ = {
			isa = PBXProject;
			attributes = {
				LastUpgradeCheck = 0450;
				ORGANIZATIONNAME = admin;
			};
			buildConfigurationList = 84609E6218BCA0D7005456E4 /* Build configuration list for PBXProject "example_duck" */;
			compatibilityVersion = "Xcode 3.2";
			developmentRegion = English;
			hasScannedForEncodings = 0;
			knownRegions = (
				en,
			);
			mainGroup = 84609E5D18BCA0D7005456E4;
			productRefGroup = 84609E6918BCA0D7005456E4 /* Products */;
			projectDirPath = "";
			projectRoot = "";
			targets = (
				84609E6718BCA0D7005456E4 /* example_duck */,
			);
		};
/* End PBXProject section */

/* Begin PBXSourcesBuildPhase section */
		84609E6418BCA0D7005456E4 /* Sources */ = {
			isa = PBXSourcesBuildPhase;
			buildActionMask = 2147483647;
			files = (
				8421CD2518BCDAD100180927 /* main.cpp in Sources */,
			);
			runOnlyForDeploymentPostprocessing = 0;
		};
/* End PBXSourcesBuildPhase section */

/* Begin XCBuildConfiguration section */
		84609E7018BCA0D7005456E4 /* Debug */ = {
			isa = XCBuildConfiguration;
			buildSettings = {
				ALWAYS_SEARCH_USER_PATHS = NO;
				ARCHS = "$(ARCHS_STANDARD_64_BIT)";
				CLANG_CXX_LANGUAGE_STANDARD = "gnu++0x";
				CLANG_CXX_LIBRARY = "libc++";
				CLANG_WARN_EMPTY_BODY = YES;
				CLANG_WARN__DUPLICATE_METHOD_MATCH = YES;
				COPY_PHASE_STRIP = NO;
				GCC_C_LANGUAGE_STANDARD = gnu99;
				GCC_DYNAMIC_NO_PIC = NO;
				GCC_ENABLE_OBJC_EXCEPTIONS = YES;
				GCC_OPTIMIZATION_LEVEL = 0;
				GCC_PREPROCESSOR_DEFINITIONS = "OCTET_MAC=1";
				GCC_SYMBOLS_PRIVATE_EXTERN = NO;
				GCC_WARN_64_TO_32_BIT_CONVERSION = YES;
				GCC_WARN_ABOUT_RETURN_TYPE = YES;
				GCC_WARN_UNINITIALIZED_AUTOS = YES;
				GCC_WARN_UNUSED_VARIABLE = YES;
				HEADER_SEARCH_PATHS = ../../src/physics;
				"HEADER_SEARCH_PATHS[arch=*]" = "";
				MACOSX_DEPLOYMENT_TARGET = 10.7;
				ONLY_ACTIVE_ARCH = YES;
				SDKROOT = macosx;
			};
			name = Debug;
		};
		84609E7118BCA0D7005456E4 /* Release */ = {
			isa = XCBuildConfiguration;
			buildSettings = {
				ALWAYS_SEARCH_USER_PATHS = NO;
				ARCHS = "$(ARCHS_STANDARD_64_BIT)";
				CLANG_CXX_LANGUAGE_STANDARD = "gnu++0x";
				CLANG_CXX_LIBRARY = "libc++";
				CLANG_WARN_EMPTY_BODY = YES;
				CLANG_WARN__DUPLICATE_METHOD_MATCH = YES;
				COPY_PHASE_STRIP = YES;
				DEBUG_INFORMATION_FORMAT = "dwarf-with-dsym";
				GCC_C_LANGUAGE_STANDARD = gnu99;
				GCC_ENABLE_OBJC_EXCEPTIONS = YES;
				GCC_PREPROCESSOR_DEFINITIONS = "OCTET_MAC=1";
				GCC_WARN_64_TO_32_BIT_CONVERSION = YES;
				GCC_WARN_ABOUT_RETURN_TYPE = YES;
				GCC_WARN_UNINITIALIZED_AUTOS = YES;
				GCC_WARN_UNUSED_VARIABLE = YES;
				HEADER_SEARCH_PATHS = ../../src/physics;
				MACOSX_DEPLOYMENT_TARGET = 10.7;
				SDKROOT = macosx;
			};
			name = Release;
		};
		84609E7318BCA0D7005456E4 /* Debug */ = {
			isa = XCBuildConfiguration;
			buildSettings = {
				PRODUCT_NAME = "$(TARGET_NAME)";
			};
			name = Debug;
		};
		84609E7418BCA0D7005456E4 /* Release */ = {
			isa = XCBuildConfiguration;
			buildSettings = {
				PRODUCT_NAME = "$(TARGET_NAME)";
			};
			name = Release;
		};
/* End XCBuildConfiguration section */

/* Begin XCConfigurationList section */
		84609E6218BCA0D7005456E4 /* Build configuration list for PBXProject "example_duck" */ = {
			isa = XCConfigurationList;
			buildConfigurations = (
				84609E7018BCA0D7005456E4 /* Debug */,
				84609E7118BCA0D7005456E4 /* Release */,
			);
			defaultConfigurationIsVisible = 0;
			defaultConfigurationName = Release;
		};
		84609E7218BCA0D7005456E4 /* Build configuration list for PBXNativeTarget "example_duck" */ = {
			isa = XCConfigurationList;
			buildConfigurations = (
				84609E7318BCA0D7005456E4 /* Debug */,
				84609E7418BCA0D7005456E4 /* Release */,
			);
			defaultConfigurationIsVisible = 0;
			defaultConfigurationName = Release;
		};
/* End XCConfigurationList section */
	};
	rootObject = 84609E5F18BCA0D7005456E4 /* Project object */;
}
